// !$*UTF8*$!
{
	archiveVersion = 1;
	classes = {
	};
	objectVersion = 51;
	objects = {

/* Begin PBXBuildFile section */
		751753622717519900C80FB9 /* ProfileCoordinator.swift in Sources */ = {isa = PBXBuildFile; fileRef = 751753612717519900C80FB9 /* ProfileCoordinator.swift */; };
		751753642717528D00C80FB9 /* FeedCoordinator.swift in Sources */ = {isa = PBXBuildFile; fileRef = 751753632717528D00C80FB9 /* FeedCoordinator.swift */; };
		75175366271758C200C80FB9 /* PhotosCoordinator.swift in Sources */ = {isa = PBXBuildFile; fileRef = 75175365271758C200C80FB9 /* PhotosCoordinator.swift */; };
		75175368271758EF00C80FB9 /* PostCoordinator.swift in Sources */ = {isa = PBXBuildFile; fileRef = 75175367271758EF00C80FB9 /* PostCoordinator.swift */; };
		752BC256283A7A460063A5E0 /* UserCredentialsCached.swift in Sources */ = {isa = PBXBuildFile; fileRef = 752BC255283A7A460063A5E0 /* UserCredentialsCached.swift */; };
		752BC25B283AAFE40063A5E0 /* RealmUserCredentialsDataProvider.swift in Sources */ = {isa = PBXBuildFile; fileRef = 752BC25A283AAFE40063A5E0 /* RealmUserCredentialsDataProvider.swift */; };
		752BC25D283AAFF40063A5E0 /* RealmUserCredentialsDataProviderImpl.swift in Sources */ = {isa = PBXBuildFile; fileRef = 752BC25C283AAFF40063A5E0 /* RealmUserCredentialsDataProviderImpl.swift */; };
		752BC25F283AC4380063A5E0 /* UserCredentials.swift in Sources */ = {isa = PBXBuildFile; fileRef = 752BC25E283AC4380063A5E0 /* UserCredentials.swift */; };
		7538C2A326CC240600935B7C /* PhotosAdapter.swift in Sources */ = {isa = PBXBuildFile; fileRef = 7538C2A226CC240600935B7C /* PhotosAdapter.swift */; };
		7538C2A526CC241300935B7C /* PostsAdapter.swift in Sources */ = {isa = PBXBuildFile; fileRef = 7538C2A426CC241300935B7C /* PostsAdapter.swift */; };
		754B85E827148B0200400F95 /* AppCoordinator.swift in Sources */ = {isa = PBXBuildFile; fileRef = 754B85E727148B0200400F95 /* AppCoordinator.swift */; };
		754B85EA27148FF000400F95 /* LoginCoordinator.swift in Sources */ = {isa = PBXBuildFile; fileRef = 754B85E927148FF000400F95 /* LoginCoordinator.swift */; };
		754D79BA26C6F39500ED19F8 /* PhotoModel.swift in Sources */ = {isa = PBXBuildFile; fileRef = 754D79B926C6F39500ED19F8 /* PhotoModel.swift */; };
		754D79BE26C9A17F00ED19F8 /* PostModel.swift in Sources */ = {isa = PBXBuildFile; fileRef = 754D79BD26C9A17F00ED19F8 /* PostModel.swift */; };
		754D79C226CADBE600ED19F8 /* StringFirstUppercasedAndCapitalized+StringProtocol.swift in Sources */ = {isa = PBXBuildFile; fileRef = 754D79C126CADBE600ED19F8 /* StringFirstUppercasedAndCapitalized+StringProtocol.swift */; };
		75597A8A25D303AC00A120A7 /* TabCoordinator.swift in Sources */ = {isa = PBXBuildFile; fileRef = 75597A8925D303AC00A120A7 /* TabCoordinator.swift */; };
		755ADFC625E51A19008E92A3 /* ImageDownloader+UIImageView.swift in Sources */ = {isa = PBXBuildFile; fileRef = 755ADFC525E51A19008E92A3 /* ImageDownloader+UIImageView.swift */; };
		75654295262C7E7B0050BAAA /* StarWarsPlanetsModel.swift in Sources */ = {isa = PBXBuildFile; fileRef = 75654294262C7E7B0050BAAA /* StarWarsPlanetsModel.swift */; };
		756691F22626027B00B26B8A /* NetworkManager.swift in Sources */ = {isa = PBXBuildFile; fileRef = 756691F12626027B00B26B8A /* NetworkManager.swift */; };
		756C2646262C651C00CEB305 /* UserDataModel.swift in Sources */ = {isa = PBXBuildFile; fileRef = 756C2645262C651C00CEB305 /* UserDataModel.swift */; };
		7574B7C02610D30A00A349E0 /* UserAuthError.swift in Sources */ = {isa = PBXBuildFile; fileRef = 7574B7BF2610D30A00A349E0 /* UserAuthError.swift */; };
		7577741B27B56E310021F5EB /* UIViewController+Error.swift in Sources */ = {isa = PBXBuildFile; fileRef = 7577741A27B56E310021F5EB /* UIViewController+Error.swift */; };
		758468E427B6CBD5001559A9 /* LoginView.swift in Sources */ = {isa = PBXBuildFile; fileRef = 758468E327B6CBD5001559A9 /* LoginView.swift */; };
		758551E92782285800B04E25 /* AddSubviews+UIView.swift in Sources */ = {isa = PBXBuildFile; fileRef = 758551E82782285800B04E25 /* AddSubviews+UIView.swift */; };
		758551EB27822F5900B04E25 /* AddArrangedSubviews+UIStackView.swift in Sources */ = {isa = PBXBuildFile; fileRef = 758551EA27822F5900B04E25 /* AddArrangedSubviews+UIStackView.swift */; };
		759E14E126188F0800C0BB5A /* ErrorsAlert.swift in Sources */ = {isa = PBXBuildFile; fileRef = 759E14E026188F0800C0BB5A /* ErrorsAlert.swift */; };
		75B3732627109B0A00EEE6E8 /* Coordinator.swift in Sources */ = {isa = PBXBuildFile; fileRef = 75B3732527109B0A00EEE6E8 /* Coordinator.swift */; };
		75B373292710A5F400EEE6E8 /* TabBarPage.swift in Sources */ = {isa = PBXBuildFile; fileRef = 75B373282710A5F400EEE6E8 /* TabBarPage.swift */; };
		75B444B925C70CEE00B3C586 /* LaunchScreen.storyboard in Resources */ = {isa = PBXBuildFile; fileRef = 75B4448525C70CED00B3C586 /* LaunchScreen.storyboard */; };
		75B444BD25C70CEE00B3C586 /* Assets.xcassets in Resources */ = {isa = PBXBuildFile; fileRef = 75B4448925C70CED00B3C586 /* Assets.xcassets */; };
		75B444C125C70CEE00B3C586 /* AppDelegate.swift in Sources */ = {isa = PBXBuildFile; fileRef = 75B4448B25C70CED00B3C586 /* AppDelegate.swift */; };
		75B444C325C70CEE00B3C586 /* SceneDelegate.swift in Sources */ = {isa = PBXBuildFile; fileRef = 75B4448C25C70CED00B3C586 /* SceneDelegate.swift */; };
		75B444C725C70CEE00B3C586 /* ProfilePhotosPreviewTableViewCell.swift in Sources */ = {isa = PBXBuildFile; fileRef = 75B4449225C70CED00B3C586 /* ProfilePhotosPreviewTableViewCell.swift */; };
		75B444C925C70CEE00B3C586 /* ProfilePostTableViewCell.swift in Sources */ = {isa = PBXBuildFile; fileRef = 75B4449325C70CED00B3C586 /* ProfilePostTableViewCell.swift */; };
		75B444CB25C70CEE00B3C586 /* PhotosCollectionViewCell.swift in Sources */ = {isa = PBXBuildFile; fileRef = 75B4449525C70CED00B3C586 /* PhotosCollectionViewCell.swift */; };
		75B444CD25C70CEE00B3C586 /* PhotosViewController.swift in Sources */ = {isa = PBXBuildFile; fileRef = 75B4449725C70CED00B3C586 /* PhotosViewController.swift */; };
		75B444CF25C70CEE00B3C586 /* ProfileViewController.swift in Sources */ = {isa = PBXBuildFile; fileRef = 75B4449825C70CED00B3C586 /* ProfileViewController.swift */; };
		75B444D125C70CEE00B3C586 /* ProfileHeaderView.swift in Sources */ = {isa = PBXBuildFile; fileRef = 75B4449A25C70CED00B3C586 /* ProfileHeaderView.swift */; };
		75B444D925C70CEE00B3C586 /* PostViewController.swift in Sources */ = {isa = PBXBuildFile; fileRef = 75B444A225C70CED00B3C586 /* PostViewController.swift */; };
		75B444DB25C70CEE00B3C586 /* FeedViewController.swift in Sources */ = {isa = PBXBuildFile; fileRef = 75B444A325C70CED00B3C586 /* FeedViewController.swift */; };
		75B444DD25C70CEE00B3C586 /* FeedContainerView.swift in Sources */ = {isa = PBXBuildFile; fileRef = 75B444A525C70CED00B3C586 /* FeedContainerView.swift */; };
		75B444E125C70CEE00B3C586 /* LoginReviewer.swift in Sources */ = {isa = PBXBuildFile; fileRef = 75B444AA25C70CED00B3C586 /* LoginReviewer.swift */; };
		75B444E325C70CEE00B3C586 /* LoginViewController.swift in Sources */ = {isa = PBXBuildFile; fileRef = 75B444AC25C70CED00B3C586 /* LoginViewController.swift */; };
		75B444E525C70CEE00B3C586 /* LoginReviewerImpl.swift in Sources */ = {isa = PBXBuildFile; fileRef = 75B444AE25C70CED00B3C586 /* LoginReviewerImpl.swift */; };
		75B444E725C70CEE00B3C586 /* UIImage+Alpha.swift in Sources */ = {isa = PBXBuildFile; fileRef = 75B444B125C70CED00B3C586 /* UIImage+Alpha.swift */; };
		75D8A24327C530240056E78B /* LoginDelegates.swift in Sources */ = {isa = PBXBuildFile; fileRef = 75D8A24227C530240056E78B /* LoginDelegates.swift */; };
		75D8A24527CE81600056E78B /* AuthErrorCodeConverter.swift in Sources */ = {isa = PBXBuildFile; fileRef = 75D8A24427CE81600056E78B /* AuthErrorCodeConverter.swift */; };
		75D8A24727CE81700056E78B /* AuthErrorCodeConverterImpl.swift in Sources */ = {isa = PBXBuildFile; fileRef = 75D8A24627CE81700056E78B /* AuthErrorCodeConverterImpl.swift */; };
		75D8A24D27CFDC850056E78B /* ProfileDelegates.swift in Sources */ = {isa = PBXBuildFile; fileRef = 75D8A24C27CFDC850056E78B /* ProfileDelegates.swift */; };
		75E15D722635BF7000368DA8 /* GoogleService-Info.plist in Resources */ = {isa = PBXBuildFile; fileRef = 757638F12635BA5300C3F190 /* GoogleService-Info.plist */; };
		75F2D473271B260B00CC2CE9 /* PasswordToggle+UITextField.swift in Sources */ = {isa = PBXBuildFile; fileRef = 75F2D472271B260B00CC2CE9 /* PasswordToggle+UITextField.swift */; };
		77A956D350D4D88C3920064D /* Pods_Social_Network.framework in Frameworks */ = {isa = PBXBuildFile; fileRef = 681B5DF4387C968CE8B9F91E /* Pods_Social_Network.framework */; };
/* End PBXBuildFile section */

/* Begin PBXFileReference section */
		060782AE250CE27700A87020 /* Social_Network.app */ = {isa = PBXFileReference; explicitFileType = wrapper.application; includeInIndex = 0; path = Social_Network.app; sourceTree = BUILT_PRODUCTS_DIR; };
		681B5DF4387C968CE8B9F91E /* Pods_Social_Network.framework */ = {isa = PBXFileReference; explicitFileType = wrapper.framework; includeInIndex = 0; path = Pods_Social_Network.framework; sourceTree = BUILT_PRODUCTS_DIR; };
		751753612717519900C80FB9 /* ProfileCoordinator.swift */ = {isa = PBXFileReference; lastKnownFileType = sourcecode.swift; path = ProfileCoordinator.swift; sourceTree = "<group>"; };
		751753632717528D00C80FB9 /* FeedCoordinator.swift */ = {isa = PBXFileReference; lastKnownFileType = sourcecode.swift; path = FeedCoordinator.swift; sourceTree = "<group>"; };
		75175365271758C200C80FB9 /* PhotosCoordinator.swift */ = {isa = PBXFileReference; lastKnownFileType = sourcecode.swift; path = PhotosCoordinator.swift; sourceTree = "<group>"; };
		75175367271758EF00C80FB9 /* PostCoordinator.swift */ = {isa = PBXFileReference; lastKnownFileType = sourcecode.swift; path = PostCoordinator.swift; sourceTree = "<group>"; };
		752BC255283A7A460063A5E0 /* UserCredentialsCached.swift */ = {isa = PBXFileReference; lastKnownFileType = sourcecode.swift; path = UserCredentialsCached.swift; sourceTree = "<group>"; };
		752BC25A283AAFE40063A5E0 /* RealmUserCredentialsDataProvider.swift */ = {isa = PBXFileReference; lastKnownFileType = sourcecode.swift; path = RealmUserCredentialsDataProvider.swift; sourceTree = "<group>"; };
		752BC25C283AAFF40063A5E0 /* RealmUserCredentialsDataProviderImpl.swift */ = {isa = PBXFileReference; lastKnownFileType = sourcecode.swift; path = RealmUserCredentialsDataProviderImpl.swift; sourceTree = "<group>"; };
		752BC25E283AC4380063A5E0 /* UserCredentials.swift */ = {isa = PBXFileReference; lastKnownFileType = sourcecode.swift; path = UserCredentials.swift; sourceTree = "<group>"; };
		7538C2A226CC240600935B7C /* PhotosAdapter.swift */ = {isa = PBXFileReference; lastKnownFileType = sourcecode.swift; path = PhotosAdapter.swift; sourceTree = "<group>"; };
		7538C2A426CC241300935B7C /* PostsAdapter.swift */ = {isa = PBXFileReference; lastKnownFileType = sourcecode.swift; path = PostsAdapter.swift; sourceTree = "<group>"; };
		754B85E727148B0200400F95 /* AppCoordinator.swift */ = {isa = PBXFileReference; lastKnownFileType = sourcecode.swift; path = AppCoordinator.swift; sourceTree = "<group>"; };
		754B85E927148FF000400F95 /* LoginCoordinator.swift */ = {isa = PBXFileReference; lastKnownFileType = sourcecode.swift; path = LoginCoordinator.swift; sourceTree = "<group>"; };
		754D79B926C6F39500ED19F8 /* PhotoModel.swift */ = {isa = PBXFileReference; lastKnownFileType = sourcecode.swift; path = PhotoModel.swift; sourceTree = "<group>"; };
		754D79BD26C9A17F00ED19F8 /* PostModel.swift */ = {isa = PBXFileReference; lastKnownFileType = sourcecode.swift; path = PostModel.swift; sourceTree = "<group>"; };
		754D79C126CADBE600ED19F8 /* StringFirstUppercasedAndCapitalized+StringProtocol.swift */ = {isa = PBXFileReference; lastKnownFileType = sourcecode.swift; path = "StringFirstUppercasedAndCapitalized+StringProtocol.swift"; sourceTree = "<group>"; };
		75597A8925D303AC00A120A7 /* TabCoordinator.swift */ = {isa = PBXFileReference; lastKnownFileType = sourcecode.swift; path = TabCoordinator.swift; sourceTree = "<group>"; };
		755ADFC525E51A19008E92A3 /* ImageDownloader+UIImageView.swift */ = {isa = PBXFileReference; lastKnownFileType = sourcecode.swift; path = "ImageDownloader+UIImageView.swift"; sourceTree = "<group>"; };
		75654294262C7E7B0050BAAA /* StarWarsPlanetsModel.swift */ = {isa = PBXFileReference; lastKnownFileType = sourcecode.swift; path = StarWarsPlanetsModel.swift; sourceTree = "<group>"; };
		756691F12626027B00B26B8A /* NetworkManager.swift */ = {isa = PBXFileReference; lastKnownFileType = sourcecode.swift; path = NetworkManager.swift; sourceTree = "<group>"; };
		756C2645262C651C00CEB305 /* UserDataModel.swift */ = {isa = PBXFileReference; lastKnownFileType = sourcecode.swift; path = UserDataModel.swift; sourceTree = "<group>"; };
		7574B7BF2610D30A00A349E0 /* UserAuthError.swift */ = {isa = PBXFileReference; lastKnownFileType = sourcecode.swift; path = UserAuthError.swift; sourceTree = "<group>"; };
		757638F12635BA5300C3F190 /* GoogleService-Info.plist */ = {isa = PBXFileReference; lastKnownFileType = text.plist.xml; path = "GoogleService-Info.plist"; sourceTree = "<group>"; };
		7577741A27B56E310021F5EB /* UIViewController+Error.swift */ = {isa = PBXFileReference; lastKnownFileType = sourcecode.swift; path = "UIViewController+Error.swift"; sourceTree = "<group>"; };
		758468E327B6CBD5001559A9 /* LoginView.swift */ = {isa = PBXFileReference; lastKnownFileType = sourcecode.swift; path = LoginView.swift; sourceTree = "<group>"; };
		758551E82782285800B04E25 /* AddSubviews+UIView.swift */ = {isa = PBXFileReference; lastKnownFileType = sourcecode.swift; path = "AddSubviews+UIView.swift"; sourceTree = "<group>"; };
		758551EA27822F5900B04E25 /* AddArrangedSubviews+UIStackView.swift */ = {isa = PBXFileReference; lastKnownFileType = sourcecode.swift; path = "AddArrangedSubviews+UIStackView.swift"; sourceTree = "<group>"; };
		759E14E026188F0800C0BB5A /* ErrorsAlert.swift */ = {isa = PBXFileReference; lastKnownFileType = sourcecode.swift; path = ErrorsAlert.swift; sourceTree = "<group>"; };
		75B3732527109B0A00EEE6E8 /* Coordinator.swift */ = {isa = PBXFileReference; lastKnownFileType = sourcecode.swift; path = Coordinator.swift; sourceTree = "<group>"; };
		75B373282710A5F400EEE6E8 /* TabBarPage.swift */ = {isa = PBXFileReference; lastKnownFileType = sourcecode.swift; path = TabBarPage.swift; sourceTree = "<group>"; };
		75B4448625C70CED00B3C586 /* Base */ = {isa = PBXFileReference; lastKnownFileType = file.storyboard; name = Base; path = Base.lproj/LaunchScreen.storyboard; sourceTree = "<group>"; };
		75B4448925C70CED00B3C586 /* Assets.xcassets */ = {isa = PBXFileReference; lastKnownFileType = folder.assetcatalog; path = Assets.xcassets; sourceTree = "<group>"; };
		75B4448B25C70CED00B3C586 /* AppDelegate.swift */ = {isa = PBXFileReference; fileEncoding = 4; lastKnownFileType = sourcecode.swift; path = AppDelegate.swift; sourceTree = "<group>"; };
		75B4448C25C70CED00B3C586 /* SceneDelegate.swift */ = {isa = PBXFileReference; fileEncoding = 4; lastKnownFileType = sourcecode.swift; path = SceneDelegate.swift; sourceTree = "<group>"; };
		75B4449225C70CED00B3C586 /* ProfilePhotosPreviewTableViewCell.swift */ = {isa = PBXFileReference; fileEncoding = 4; lastKnownFileType = sourcecode.swift; path = ProfilePhotosPreviewTableViewCell.swift; sourceTree = "<group>"; };
		75B4449325C70CED00B3C586 /* ProfilePostTableViewCell.swift */ = {isa = PBXFileReference; fileEncoding = 4; lastKnownFileType = sourcecode.swift; path = ProfilePostTableViewCell.swift; sourceTree = "<group>"; };
		75B4449525C70CED00B3C586 /* PhotosCollectionViewCell.swift */ = {isa = PBXFileReference; fileEncoding = 4; lastKnownFileType = sourcecode.swift; path = PhotosCollectionViewCell.swift; sourceTree = "<group>"; };
		75B4449725C70CED00B3C586 /* PhotosViewController.swift */ = {isa = PBXFileReference; fileEncoding = 4; lastKnownFileType = sourcecode.swift; path = PhotosViewController.swift; sourceTree = "<group>"; };
		75B4449825C70CED00B3C586 /* ProfileViewController.swift */ = {isa = PBXFileReference; fileEncoding = 4; lastKnownFileType = sourcecode.swift; path = ProfileViewController.swift; sourceTree = "<group>"; };
		75B4449A25C70CED00B3C586 /* ProfileHeaderView.swift */ = {isa = PBXFileReference; fileEncoding = 4; lastKnownFileType = sourcecode.swift; path = ProfileHeaderView.swift; sourceTree = "<group>"; };
		75B444A225C70CED00B3C586 /* PostViewController.swift */ = {isa = PBXFileReference; fileEncoding = 4; lastKnownFileType = sourcecode.swift; path = PostViewController.swift; sourceTree = "<group>"; };
		75B444A325C70CED00B3C586 /* FeedViewController.swift */ = {isa = PBXFileReference; fileEncoding = 4; lastKnownFileType = sourcecode.swift; path = FeedViewController.swift; sourceTree = "<group>"; };
		75B444A525C70CED00B3C586 /* FeedContainerView.swift */ = {isa = PBXFileReference; fileEncoding = 4; lastKnownFileType = sourcecode.swift; path = FeedContainerView.swift; sourceTree = "<group>"; };
		75B444AA25C70CED00B3C586 /* LoginReviewer.swift */ = {isa = PBXFileReference; fileEncoding = 4; lastKnownFileType = sourcecode.swift; path = LoginReviewer.swift; sourceTree = "<group>"; };
		75B444AC25C70CED00B3C586 /* LoginViewController.swift */ = {isa = PBXFileReference; fileEncoding = 4; lastKnownFileType = sourcecode.swift; path = LoginViewController.swift; sourceTree = "<group>"; };
		75B444AE25C70CED00B3C586 /* LoginReviewerImpl.swift */ = {isa = PBXFileReference; fileEncoding = 4; lastKnownFileType = sourcecode.swift; path = LoginReviewerImpl.swift; sourceTree = "<group>"; };
		75B444B125C70CED00B3C586 /* UIImage+Alpha.swift */ = {isa = PBXFileReference; fileEncoding = 4; lastKnownFileType = sourcecode.swift; path = "UIImage+Alpha.swift"; sourceTree = "<group>"; };
		75B444B425C70CED00B3C586 /* Info.plist */ = {isa = PBXFileReference; fileEncoding = 4; lastKnownFileType = text.plist.xml; path = Info.plist; sourceTree = "<group>"; };
		75D8A24227C530240056E78B /* LoginDelegates.swift */ = {isa = PBXFileReference; lastKnownFileType = sourcecode.swift; path = LoginDelegates.swift; sourceTree = "<group>"; };
		75D8A24427CE81600056E78B /* AuthErrorCodeConverter.swift */ = {isa = PBXFileReference; lastKnownFileType = sourcecode.swift; path = AuthErrorCodeConverter.swift; sourceTree = "<group>"; };
		75D8A24627CE81700056E78B /* AuthErrorCodeConverterImpl.swift */ = {isa = PBXFileReference; lastKnownFileType = sourcecode.swift; path = AuthErrorCodeConverterImpl.swift; sourceTree = "<group>"; };
		75D8A24C27CFDC850056E78B /* ProfileDelegates.swift */ = {isa = PBXFileReference; lastKnownFileType = sourcecode.swift; path = ProfileDelegates.swift; sourceTree = "<group>"; };
		75F2D472271B260B00CC2CE9 /* PasswordToggle+UITextField.swift */ = {isa = PBXFileReference; lastKnownFileType = sourcecode.swift; path = "PasswordToggle+UITextField.swift"; sourceTree = "<group>"; };
		7D749DB5FFFE36FD0645A2D7 /* Pods-Social_Network.release.xcconfig */ = {isa = PBXFileReference; includeInIndex = 1; lastKnownFileType = text.xcconfig; name = "Pods-Social_Network.release.xcconfig"; path = "Target Support Files/Pods-Social_Network/Pods-Social_Network.release.xcconfig"; sourceTree = "<group>"; };
		A1E82B6BF4F040F98A52F959 /* Pods-Social_Network.debug.xcconfig */ = {isa = PBXFileReference; includeInIndex = 1; lastKnownFileType = text.xcconfig; name = "Pods-Social_Network.debug.xcconfig"; path = "Target Support Files/Pods-Social_Network/Pods-Social_Network.debug.xcconfig"; sourceTree = "<group>"; };
/* End PBXFileReference section */

/* Begin PBXFrameworksBuildPhase section */
		060782AB250CE27700A87020 /* Frameworks */ = {
			isa = PBXFrameworksBuildPhase;
			buildActionMask = 2147483647;
			files = (
				77A956D350D4D88C3920064D /* Pods_Social_Network.framework in Frameworks */,
			);
			runOnlyForDeploymentPostprocessing = 0;
		};
/* End PBXFrameworksBuildPhase section */

/* Begin PBXGroup section */
		060782A5250CE27700A87020 = {
			isa = PBXGroup;
			children = (
				75B4448025C70CED00B3C586 /* Social Network */,
				060782AF250CE27700A87020 /* Products */,
				ADD4D8DB3053A8C152993ED5 /* Pods */,
				170D630FB6E060A2DE4BEE92 /* Frameworks */,
			);
			sourceTree = "<group>";
		};
		060782AF250CE27700A87020 /* Products */ = {
			isa = PBXGroup;
			children = (
				060782AE250CE27700A87020 /* Social_Network.app */,
			);
			name = Products;
			sourceTree = "<group>";
		};
		170D630FB6E060A2DE4BEE92 /* Frameworks */ = {
			isa = PBXGroup;
			children = (
				681B5DF4387C968CE8B9F91E /* Pods_Social_Network.framework */,
			);
			name = Frameworks;
			sourceTree = "<group>";
		};
		752BC259283AAFC40063A5E0 /* RealmDataProvider */ = {
			isa = PBXGroup;
			children = (
				752BC25A283AAFE40063A5E0 /* RealmUserCredentialsDataProvider.swift */,
				752BC25C283AAFF40063A5E0 /* RealmUserCredentialsDataProviderImpl.swift */,
			);
			path = RealmDataProvider;
			sourceTree = "<group>";
		};
		7538C2A026CC238700935B7C /* NetworkFlow */ = {
			isa = PBXGroup;
			children = (
				75B4448225C70CED00B3C586 /* Models */,
				754D79C326CAE4B100ED19F8 /* NetworkManagers */,
				7538C2A126CC23E200935B7C /* APIAdapters */,
			);
			path = NetworkFlow;
			sourceTree = "<group>";
		};
		7538C2A126CC23E200935B7C /* APIAdapters */ = {
			isa = PBXGroup;
			children = (
				7538C2A426CC241300935B7C /* PostsAdapter.swift */,
				7538C2A226CC240600935B7C /* PhotosAdapter.swift */,
			);
			path = APIAdapters;
			sourceTree = "<group>";
		};
		754D79B426C1AB3000ED19F8 /* Photos */ = {
			isa = PBXGroup;
			children = (
				75B4449725C70CED00B3C586 /* PhotosViewController.swift */,
				75B4449525C70CED00B3C586 /* PhotosCollectionViewCell.swift */,
			);
			path = Photos;
			sourceTree = "<group>";
		};
		754D79C326CAE4B100ED19F8 /* NetworkManagers */ = {
			isa = PBXGroup;
			children = (
				756691F12626027B00B26B8A /* NetworkManager.swift */,
			);
			path = NetworkManagers;
			sourceTree = "<group>";
		};
		75597A8825D3017600A120A7 /* Coordinators */ = {
			isa = PBXGroup;
			children = (
				75B3732527109B0A00EEE6E8 /* Coordinator.swift */,
				75B373282710A5F400EEE6E8 /* TabBarPage.swift */,
				755CD9F82719EF9000EA2239 /* AppFlow */,
				755CD9F62719EF1900EA2239 /* ProfileFlow */,
				755CD9F92719F03400EA2239 /* FeedFlow */,
			);
			path = Coordinators;
			sourceTree = "<group>";
		};
		755CD9F62719EF1900EA2239 /* ProfileFlow */ = {
			isa = PBXGroup;
			children = (
				751753612717519900C80FB9 /* ProfileCoordinator.swift */,
				75175365271758C200C80FB9 /* PhotosCoordinator.swift */,
			);
			path = ProfileFlow;
			sourceTree = "<group>";
		};
		755CD9F82719EF9000EA2239 /* AppFlow */ = {
			isa = PBXGroup;
			children = (
				754B85E727148B0200400F95 /* AppCoordinator.swift */,
				754B85E927148FF000400F95 /* LoginCoordinator.swift */,
				75597A8925D303AC00A120A7 /* TabCoordinator.swift */,
			);
			path = AppFlow;
			sourceTree = "<group>";
		};
		755CD9F92719F03400EA2239 /* FeedFlow */ = {
			isa = PBXGroup;
			children = (
				751753632717528D00C80FB9 /* FeedCoordinator.swift */,
				75175367271758EF00C80FB9 /* PostCoordinator.swift */,
			);
			path = FeedFlow;
			sourceTree = "<group>";
		};
		7574B7B52610D2C700A349E0 /* ErrorDomains */ = {
			isa = PBXGroup;
			children = (
				7574B7BF2610D30A00A349E0 /* UserAuthError.swift */,
				75D8A24827CEAA8D0056E78B /* AuthErrorCodeConverter */,
			);
			path = ErrorDomains;
			sourceTree = "<group>";
		};
		75B4448025C70CED00B3C586 /* Social Network */ = {
			isa = PBXGroup;
			children = (
				75B4448725C70CED00B3C586 /* Applcation */,
				75B4448D25C70CED00B3C586 /* WorkFlow */,
				7538C2A026CC238700935B7C /* NetworkFlow */,
				752BC259283AAFC40063A5E0 /* RealmDataProvider */,
				7574B7B52610D2C700A349E0 /* ErrorDomains */,
				75B444AF25C70CED00B3C586 /* Helpers */,
				757638F12635BA5300C3F190 /* GoogleService-Info.plist */,
				75B444B425C70CED00B3C586 /* Info.plist */,
			);
			path = "Social Network";
			sourceTree = "<group>";
		};
		75B4448225C70CED00B3C586 /* Models */ = {
			isa = PBXGroup;
			children = (
				756C2645262C651C00CEB305 /* UserDataModel.swift */,
				75654294262C7E7B0050BAAA /* StarWarsPlanetsModel.swift */,
				754D79B926C6F39500ED19F8 /* PhotoModel.swift */,
				754D79BD26C9A17F00ED19F8 /* PostModel.swift */,
				752BC255283A7A460063A5E0 /* UserCredentialsCached.swift */,
				752BC25E283AC4380063A5E0 /* UserCredentials.swift */,
			);
			path = Models;
			sourceTree = "<group>";
		};
		75B4448725C70CED00B3C586 /* Applcation */ = {
			isa = PBXGroup;
			children = (
				75B4448525C70CED00B3C586 /* LaunchScreen.storyboard */,
				75B4448B25C70CED00B3C586 /* AppDelegate.swift */,
				75B4448C25C70CED00B3C586 /* SceneDelegate.swift */,
				75B4448925C70CED00B3C586 /* Assets.xcassets */,
			);
			path = Applcation;
			sourceTree = "<group>";
		};
		75B4448D25C70CED00B3C586 /* WorkFlow */ = {
			isa = PBXGroup;
			children = (
				75597A8825D3017600A120A7 /* Coordinators */,
				75B444A625C70CED00B3C586 /* Login */,
				75B4449025C70CED00B3C586 /* Profile */,
				754D79B426C1AB3000ED19F8 /* Photos */,
				75B4449B25C70CED00B3C586 /* Feed */,
			);
			path = WorkFlow;
			sourceTree = "<group>";
		};
		75B4449025C70CED00B3C586 /* Profile */ = {
			isa = PBXGroup;
			children = (
				75D8A24C27CFDC850056E78B /* ProfileDelegates.swift */,
				75D8A24B27CFD1450056E78B /* View */,
			);
			path = Profile;
			sourceTree = "<group>";
		};
		75B4449B25C70CED00B3C586 /* Feed */ = {
			isa = PBXGroup;
			children = (
				75B444A225C70CED00B3C586 /* PostViewController.swift */,
				75B444A325C70CED00B3C586 /* FeedViewController.swift */,
				75B444A525C70CED00B3C586 /* FeedContainerView.swift */,
			);
			path = Feed;
			sourceTree = "<group>";
		};
		75B444A625C70CED00B3C586 /* Login */ = {
			isa = PBXGroup;
			children = (
				75D8A24227C530240056E78B /* LoginDelegates.swift */,
				75D8A24127C530060056E78B /* LoginReviewer */,
				75D8A24027C52FE80056E78B /* View */,
			);
			path = Login;
			sourceTree = "<group>";
		};
		75B444AF25C70CED00B3C586 /* Helpers */ = {
			isa = PBXGroup;
			children = (
				7577741A27B56E310021F5EB /* UIViewController+Error.swift */,
				758551E82782285800B04E25 /* AddSubviews+UIView.swift */,
				758551EA27822F5900B04E25 /* AddArrangedSubviews+UIStackView.swift */,
				75F2D472271B260B00CC2CE9 /* PasswordToggle+UITextField.swift */,
				754D79C126CADBE600ED19F8 /* StringFirstUppercasedAndCapitalized+StringProtocol.swift */,
				755ADFC525E51A19008E92A3 /* ImageDownloader+UIImageView.swift */,
				75B444B125C70CED00B3C586 /* UIImage+Alpha.swift */,
				759E14E026188F0800C0BB5A /* ErrorsAlert.swift */,
			);
			path = Helpers;
			sourceTree = "<group>";
		};
		75D8A24027C52FE80056E78B /* View */ = {
			isa = PBXGroup;
			children = (
				75B444AC25C70CED00B3C586 /* LoginViewController.swift */,
				758468E327B6CBD5001559A9 /* LoginView.swift */,
			);
			path = View;
			sourceTree = "<group>";
		};
		75D8A24127C530060056E78B /* LoginReviewer */ = {
			isa = PBXGroup;
			children = (
				75B444AA25C70CED00B3C586 /* LoginReviewer.swift */,
				75B444AE25C70CED00B3C586 /* LoginReviewerImpl.swift */,
			);
			path = LoginReviewer;
			sourceTree = "<group>";
		};
		75D8A24827CEAA8D0056E78B /* AuthErrorCodeConverter */ = {
			isa = PBXGroup;
			children = (
				75D8A24427CE81600056E78B /* AuthErrorCodeConverter.swift */,
				75D8A24627CE81700056E78B /* AuthErrorCodeConverterImpl.swift */,
			);
			path = AuthErrorCodeConverter;
			sourceTree = "<group>";
		};
		75D8A24B27CFD1450056E78B /* View */ = {
			isa = PBXGroup;
			children = (
				75B4449A25C70CED00B3C586 /* ProfileHeaderView.swift */,
				75B4449825C70CED00B3C586 /* ProfileViewController.swift */,
				75B4449225C70CED00B3C586 /* ProfilePhotosPreviewTableViewCell.swift */,
				75B4449325C70CED00B3C586 /* ProfilePostTableViewCell.swift */,
			);
			path = View;
			sourceTree = "<group>";
		};
		ADD4D8DB3053A8C152993ED5 /* Pods */ = {
			isa = PBXGroup;
			children = (
				A1E82B6BF4F040F98A52F959 /* Pods-Social_Network.debug.xcconfig */,
				7D749DB5FFFE36FD0645A2D7 /* Pods-Social_Network.release.xcconfig */,
			);
			path = Pods;
			sourceTree = "<group>";
		};
/* End PBXGroup section */

/* Begin PBXNativeTarget section */
		060782AD250CE27700A87020 /* Social_Network */ = {
			isa = PBXNativeTarget;
			buildConfigurationList = 060782C2250CE27A00A87020 /* Build configuration list for PBXNativeTarget "Social_Network" */;
			buildPhases = (
				3BA340DAAE3917BD765D17A3 /* [CP] Check Pods Manifest.lock */,
				060782AA250CE27700A87020 /* Sources */,
				060782AB250CE27700A87020 /* Frameworks */,
				060782AC250CE27700A87020 /* Resources */,
				4B9767FB3334095EB2A92951 /* [CP] Embed Pods Frameworks */,
			);
			buildRules = (
			);
			dependencies = (
			);
			name = Social_Network;
			productName = Navigation;
			productReference = 060782AE250CE27700A87020 /* Social_Network.app */;
			productType = "com.apple.product-type.application";
		};
/* End PBXNativeTarget section */

/* Begin PBXProject section */
		060782A6250CE27700A87020 /* Project object */ = {
			isa = PBXProject;
			attributes = {
				LastSwiftUpdateCheck = 1170;
				LastUpgradeCheck = 1230;
				ORGANIZATIONNAME = "";
				TargetAttributes = {
					060782AD250CE27700A87020 = {
						CreatedOnToolsVersion = 11.7;
					};
				};
			};
			buildConfigurationList = 060782A9250CE27700A87020 /* Build configuration list for PBXProject "Social_Network" */;
			compatibilityVersion = "Xcode 9.3";
			developmentRegion = en;
			hasScannedForEncodings = 0;
			knownRegions = (
				en,
				Base,
			);
			mainGroup = 060782A5250CE27700A87020;
			productRefGroup = 060782AF250CE27700A87020 /* Products */;
			projectDirPath = "";
			projectRoot = "";
			targets = (
				060782AD250CE27700A87020 /* Social_Network */,
			);
		};
/* End PBXProject section */

/* Begin PBXResourcesBuildPhase section */
		060782AC250CE27700A87020 /* Resources */ = {
			isa = PBXResourcesBuildPhase;
			buildActionMask = 2147483647;
			files = (
				75B444BD25C70CEE00B3C586 /* Assets.xcassets in Resources */,
				75B444B925C70CEE00B3C586 /* LaunchScreen.storyboard in Resources */,
				75E15D722635BF7000368DA8 /* GoogleService-Info.plist in Resources */,
			);
			runOnlyForDeploymentPostprocessing = 0;
		};
/* End PBXResourcesBuildPhase section */

/* Begin PBXShellScriptBuildPhase section */
		3BA340DAAE3917BD765D17A3 /* [CP] Check Pods Manifest.lock */ = {
			isa = PBXShellScriptBuildPhase;
			buildActionMask = 2147483647;
			files = (
			);
			inputFileListPaths = (
			);
			inputPaths = (
				"${PODS_PODFILE_DIR_PATH}/Podfile.lock",
				"${PODS_ROOT}/Manifest.lock",
			);
			name = "[CP] Check Pods Manifest.lock";
			outputFileListPaths = (
			);
			outputPaths = (
				"$(DERIVED_FILE_DIR)/Pods-Social_Network-checkManifestLockResult.txt",
			);
			runOnlyForDeploymentPostprocessing = 0;
			shellPath = /bin/sh;
			shellScript = "diff \"${PODS_PODFILE_DIR_PATH}/Podfile.lock\" \"${PODS_ROOT}/Manifest.lock\" > /dev/null\nif [ $? != 0 ] ; then\n    # print error to STDERR\n    echo \"error: The sandbox is not in sync with the Podfile.lock. Run 'pod install' or update your CocoaPods installation.\" >&2\n    exit 1\nfi\n# This output is used by Xcode 'outputs' to avoid re-running this script phase.\necho \"SUCCESS\" > \"${SCRIPT_OUTPUT_FILE_0}\"\n";
			showEnvVarsInLog = 0;
		};
		4B9767FB3334095EB2A92951 /* [CP] Embed Pods Frameworks */ = {
			isa = PBXShellScriptBuildPhase;
			buildActionMask = 2147483647;
			files = (
			);
			inputFileListPaths = (
				"${PODS_ROOT}/Target Support Files/Pods-Social_Network/Pods-Social_Network-frameworks-${CONFIGURATION}-input-files.xcfilelist",
			);
			name = "[CP] Embed Pods Frameworks";
			outputFileListPaths = (
				"${PODS_ROOT}/Target Support Files/Pods-Social_Network/Pods-Social_Network-frameworks-${CONFIGURATION}-output-files.xcfilelist",
			);
			runOnlyForDeploymentPostprocessing = 0;
			shellPath = /bin/sh;
			shellScript = "\"${PODS_ROOT}/Target Support Files/Pods-Social_Network/Pods-Social_Network-frameworks.sh\"\n";
			showEnvVarsInLog = 0;
		};
/* End PBXShellScriptBuildPhase section */

/* Begin PBXSourcesBuildPhase section */
		060782AA250CE27700A87020 /* Sources */ = {
			isa = PBXSourcesBuildPhase;
			buildActionMask = 2147483647;
			files = (
				758551E92782285800B04E25 /* AddSubviews+UIView.swift in Sources */,
				75B3732627109B0A00EEE6E8 /* Coordinator.swift in Sources */,
				75B444E125C70CEE00B3C586 /* LoginReviewer.swift in Sources */,
				751753642717528D00C80FB9 /* FeedCoordinator.swift in Sources */,
				755ADFC625E51A19008E92A3 /* ImageDownloader+UIImageView.swift in Sources */,
				75D8A24727CE81700056E78B /* AuthErrorCodeConverterImpl.swift in Sources */,
				754B85E827148B0200400F95 /* AppCoordinator.swift in Sources */,
				75B444CD25C70CEE00B3C586 /* PhotosViewController.swift in Sources */,
				75597A8A25D303AC00A120A7 /* TabCoordinator.swift in Sources */,
				75B444C925C70CEE00B3C586 /* ProfilePostTableViewCell.swift in Sources */,
				75B444D125C70CEE00B3C586 /* ProfileHeaderView.swift in Sources */,
				75B444CF25C70CEE00B3C586 /* ProfileViewController.swift in Sources */,
				75F2D473271B260B00CC2CE9 /* PasswordToggle+UITextField.swift in Sources */,
				75654295262C7E7B0050BAAA /* StarWarsPlanetsModel.swift in Sources */,
				75B444C725C70CEE00B3C586 /* ProfilePhotosPreviewTableViewCell.swift in Sources */,
				756C2646262C651C00CEB305 /* UserDataModel.swift in Sources */,
				75D8A24D27CFDC850056E78B /* ProfileDelegates.swift in Sources */,
				75B444C125C70CEE00B3C586 /* AppDelegate.swift in Sources */,
				759E14E126188F0800C0BB5A /* ErrorsAlert.swift in Sources */,
				75B444DB25C70CEE00B3C586 /* FeedViewController.swift in Sources */,
				75B444E725C70CEE00B3C586 /* UIImage+Alpha.swift in Sources */,
				752BC25D283AAFF40063A5E0 /* RealmUserCredentialsDataProviderImpl.swift in Sources */,
				75B444E325C70CEE00B3C586 /* LoginViewController.swift in Sources */,
				7538C2A326CC240600935B7C /* PhotosAdapter.swift in Sources */,
				751753622717519900C80FB9 /* ProfileCoordinator.swift in Sources */,
				754B85EA27148FF000400F95 /* LoginCoordinator.swift in Sources */,
				7574B7C02610D30A00A349E0 /* UserAuthError.swift in Sources */,
				75175368271758EF00C80FB9 /* PostCoordinator.swift in Sources */,
				754D79BA26C6F39500ED19F8 /* PhotoModel.swift in Sources */,
				752BC25F283AC4380063A5E0 /* UserCredentials.swift in Sources */,
				752BC25B283AAFE40063A5E0 /* RealmUserCredentialsDataProvider.swift in Sources */,
				75D8A24527CE81600056E78B /* AuthErrorCodeConverter.swift in Sources */,
				7577741B27B56E310021F5EB /* UIViewController+Error.swift in Sources */,
				75B444E525C70CEE00B3C586 /* LoginReviewerImpl.swift in Sources */,
				758551EB27822F5900B04E25 /* AddArrangedSubviews+UIStackView.swift in Sources */,
				75B373292710A5F400EEE6E8 /* TabBarPage.swift in Sources */,
				75D8A24327C530240056E78B /* LoginDelegates.swift in Sources */,
				7538C2A526CC241300935B7C /* PostsAdapter.swift in Sources */,
				754D79C226CADBE600ED19F8 /* StringFirstUppercasedAndCapitalized+StringProtocol.swift in Sources */,
				75B444D925C70CEE00B3C586 /* PostViewController.swift in Sources */,
				75B444DD25C70CEE00B3C586 /* FeedContainerView.swift in Sources */,
				758468E427B6CBD5001559A9 /* LoginView.swift in Sources */,
				756691F22626027B00B26B8A /* NetworkManager.swift in Sources */,
				754D79BE26C9A17F00ED19F8 /* PostModel.swift in Sources */,
				752BC256283A7A460063A5E0 /* UserCredentialsCached.swift in Sources */,
				75B444CB25C70CEE00B3C586 /* PhotosCollectionViewCell.swift in Sources */,
				75B444C325C70CEE00B3C586 /* SceneDelegate.swift in Sources */,
				75175366271758C200C80FB9 /* PhotosCoordinator.swift in Sources */,
			);
			runOnlyForDeploymentPostprocessing = 0;
		};
/* End PBXSourcesBuildPhase section */

/* Begin PBXVariantGroup section */
		75B4448525C70CED00B3C586 /* LaunchScreen.storyboard */ = {
			isa = PBXVariantGroup;
			children = (
				75B4448625C70CED00B3C586 /* Base */,
			);
			name = LaunchScreen.storyboard;
			sourceTree = "<group>";
		};
/* End PBXVariantGroup section */

/* Begin XCBuildConfiguration section */
		060782C0250CE27A00A87020 /* Debug */ = {
			isa = XCBuildConfiguration;
			buildSettings = {
				ALWAYS_SEARCH_USER_PATHS = NO;
				CLANG_ANALYZER_NONNULL = YES;
				CLANG_ANALYZER_NUMBER_OBJECT_CONVERSION = YES_AGGRESSIVE;
				CLANG_CXX_LANGUAGE_STANDARD = "gnu++14";
				CLANG_CXX_LIBRARY = "libc++";
				CLANG_ENABLE_MODULES = YES;
				CLANG_ENABLE_OBJC_ARC = YES;
				CLANG_ENABLE_OBJC_WEAK = YES;
				CLANG_WARN_BLOCK_CAPTURE_AUTORELEASING = YES;
				CLANG_WARN_BOOL_CONVERSION = YES;
				CLANG_WARN_COMMA = YES;
				CLANG_WARN_CONSTANT_CONVERSION = YES;
				CLANG_WARN_DEPRECATED_OBJC_IMPLEMENTATIONS = YES;
				CLANG_WARN_DIRECT_OBJC_ISA_USAGE = YES_ERROR;
				CLANG_WARN_DOCUMENTATION_COMMENTS = YES;
				CLANG_WARN_EMPTY_BODY = YES;
				CLANG_WARN_ENUM_CONVERSION = YES;
				CLANG_WARN_INFINITE_RECURSION = YES;
				CLANG_WARN_INT_CONVERSION = YES;
				CLANG_WARN_NON_LITERAL_NULL_CONVERSION = YES;
				CLANG_WARN_OBJC_IMPLICIT_RETAIN_SELF = YES;
				CLANG_WARN_OBJC_LITERAL_CONVERSION = YES;
				CLANG_WARN_OBJC_ROOT_CLASS = YES_ERROR;
				CLANG_WARN_QUOTED_INCLUDE_IN_FRAMEWORK_HEADER = YES;
				CLANG_WARN_RANGE_LOOP_ANALYSIS = YES;
				CLANG_WARN_STRICT_PROTOTYPES = YES;
				CLANG_WARN_SUSPICIOUS_MOVE = YES;
				CLANG_WARN_UNGUARDED_AVAILABILITY = YES_AGGRESSIVE;
				CLANG_WARN_UNREACHABLE_CODE = YES;
				CLANG_WARN__DUPLICATE_METHOD_MATCH = YES;
				COPY_PHASE_STRIP = NO;
				DEBUG_INFORMATION_FORMAT = dwarf;
				ENABLE_STRICT_OBJC_MSGSEND = YES;
				ENABLE_TESTABILITY = YES;
				GCC_C_LANGUAGE_STANDARD = gnu11;
				GCC_DYNAMIC_NO_PIC = NO;
				GCC_NO_COMMON_BLOCKS = YES;
				GCC_OPTIMIZATION_LEVEL = 0;
				GCC_PREPROCESSOR_DEFINITIONS = (
					"DEBUG=1",
					"$(inherited)",
				);
				GCC_WARN_64_TO_32_BIT_CONVERSION = YES;
				GCC_WARN_ABOUT_RETURN_TYPE = YES_ERROR;
				GCC_WARN_UNDECLARED_SELECTOR = YES;
				GCC_WARN_UNINITIALIZED_AUTOS = YES_AGGRESSIVE;
				GCC_WARN_UNUSED_FUNCTION = YES;
				GCC_WARN_UNUSED_VARIABLE = YES;
				IPHONEOS_DEPLOYMENT_TARGET = 13.0;
				MTL_ENABLE_DEBUG_INFO = INCLUDE_SOURCE;
				MTL_FAST_MATH = YES;
				ONLY_ACTIVE_ARCH = YES;
				SDKROOT = iphoneos;
				SWIFT_ACTIVE_COMPILATION_CONDITIONS = DEBUG;
				SWIFT_OPTIMIZATION_LEVEL = "-Onone";
			};
			name = Debug;
		};
		060782C1250CE27A00A87020 /* Release */ = {
			isa = XCBuildConfiguration;
			buildSettings = {
				ALWAYS_SEARCH_USER_PATHS = NO;
				CLANG_ANALYZER_NONNULL = YES;
				CLANG_ANALYZER_NUMBER_OBJECT_CONVERSION = YES_AGGRESSIVE;
				CLANG_CXX_LANGUAGE_STANDARD = "gnu++14";
				CLANG_CXX_LIBRARY = "libc++";
				CLANG_ENABLE_MODULES = YES;
				CLANG_ENABLE_OBJC_ARC = YES;
				CLANG_ENABLE_OBJC_WEAK = YES;
				CLANG_WARN_BLOCK_CAPTURE_AUTORELEASING = YES;
				CLANG_WARN_BOOL_CONVERSION = YES;
				CLANG_WARN_COMMA = YES;
				CLANG_WARN_CONSTANT_CONVERSION = YES;
				CLANG_WARN_DEPRECATED_OBJC_IMPLEMENTATIONS = YES;
				CLANG_WARN_DIRECT_OBJC_ISA_USAGE = YES_ERROR;
				CLANG_WARN_DOCUMENTATION_COMMENTS = YES;
				CLANG_WARN_EMPTY_BODY = YES;
				CLANG_WARN_ENUM_CONVERSION = YES;
				CLANG_WARN_INFINITE_RECURSION = YES;
				CLANG_WARN_INT_CONVERSION = YES;
				CLANG_WARN_NON_LITERAL_NULL_CONVERSION = YES;
				CLANG_WARN_OBJC_IMPLICIT_RETAIN_SELF = YES;
				CLANG_WARN_OBJC_LITERAL_CONVERSION = YES;
				CLANG_WARN_OBJC_ROOT_CLASS = YES_ERROR;
				CLANG_WARN_QUOTED_INCLUDE_IN_FRAMEWORK_HEADER = YES;
				CLANG_WARN_RANGE_LOOP_ANALYSIS = YES;
				CLANG_WARN_STRICT_PROTOTYPES = YES;
				CLANG_WARN_SUSPICIOUS_MOVE = YES;
				CLANG_WARN_UNGUARDED_AVAILABILITY = YES_AGGRESSIVE;
				CLANG_WARN_UNREACHABLE_CODE = YES;
				CLANG_WARN__DUPLICATE_METHOD_MATCH = YES;
				COPY_PHASE_STRIP = NO;
				DEBUG_INFORMATION_FORMAT = "dwarf-with-dsym";
				ENABLE_NS_ASSERTIONS = NO;
				ENABLE_STRICT_OBJC_MSGSEND = YES;
				GCC_C_LANGUAGE_STANDARD = gnu11;
				GCC_NO_COMMON_BLOCKS = YES;
				GCC_WARN_64_TO_32_BIT_CONVERSION = YES;
				GCC_WARN_ABOUT_RETURN_TYPE = YES_ERROR;
				GCC_WARN_UNDECLARED_SELECTOR = YES;
				GCC_WARN_UNINITIALIZED_AUTOS = YES_AGGRESSIVE;
				GCC_WARN_UNUSED_FUNCTION = YES;
				GCC_WARN_UNUSED_VARIABLE = YES;
				IPHONEOS_DEPLOYMENT_TARGET = 13.0;
				MTL_ENABLE_DEBUG_INFO = NO;
				MTL_FAST_MATH = YES;
				SDKROOT = iphoneos;
				SWIFT_COMPILATION_MODE = wholemodule;
				SWIFT_OPTIMIZATION_LEVEL = "-O";
				VALIDATE_PRODUCT = YES;
			};
			name = Release;
		};
		060782C3250CE27A00A87020 /* Debug */ = {
			isa = XCBuildConfiguration;
			baseConfigurationReference = A1E82B6BF4F040F98A52F959 /* Pods-Social_Network.debug.xcconfig */;
			buildSettings = {
				CODE_SIGN_IDENTITY = "Apple Development";
				CODE_SIGN_STYLE = Automatic;
				DEVELOPMENT_TEAM = 7FBKGHVJBQ;
				INFOPLIST_FILE = "$(SRCROOT)/Social Network/Info.plist";
				IPHONEOS_DEPLOYMENT_TARGET = 13.0;
				LD_RUNPATH_SEARCH_PATHS = (
					"$(inherited)",
					"@executable_path/Frameworks",
				);
				PRODUCT_BUNDLE_IDENTIFIER = "com.netology.Social-Network";
				PRODUCT_NAME = "$(TARGET_NAME)";
				PROVISIONING_PROFILE_SPECIFIER = "";
				SWIFT_VERSION = 5.0;
				TARGETED_DEVICE_FAMILY = "1,2";
			};
			name = Debug;
		};
		060782C4250CE27A00A87020 /* Release */ = {
			isa = XCBuildConfiguration;
			baseConfigurationReference = 7D749DB5FFFE36FD0645A2D7 /* Pods-Social_Network.release.xcconfig */;
			buildSettings = {
				CODE_SIGN_IDENTITY = "Apple Development";
				CODE_SIGN_STYLE = Automatic;
				DEVELOPMENT_TEAM = 7FBKGHVJBQ;
				INFOPLIST_FILE = "$(SRCROOT)/Social Network/Info.plist";
				IPHONEOS_DEPLOYMENT_TARGET = 13.0;
				LD_RUNPATH_SEARCH_PATHS = (
					"$(inherited)",
					"@executable_path/Frameworks",
				);
				PRODUCT_BUNDLE_IDENTIFIER = "com.netology.Social-Network";
				PRODUCT_NAME = "$(TARGET_NAME)";
				PROVISIONING_PROFILE_SPECIFIER = "";
				SWIFT_VERSION = 5.0;
				TARGETED_DEVICE_FAMILY = "1,2";
			};
			name = Release;
		};
/* End XCBuildConfiguration section */

/* Begin XCConfigurationList section */
		060782A9250CE27700A87020 /* Build configuration list for PBXProject "Social_Network" */ = {
			isa = XCConfigurationList;
			buildConfigurations = (
				060782C0250CE27A00A87020 /* Debug */,
				060782C1250CE27A00A87020 /* Release */,
			);
			defaultConfigurationIsVisible = 0;
			defaultConfigurationName = Release;
		};
		060782C2250CE27A00A87020 /* Build configuration list for PBXNativeTarget "Social_Network" */ = {
			isa = XCConfigurationList;
			buildConfigurations = (
				060782C3250CE27A00A87020 /* Debug */,
				060782C4250CE27A00A87020 /* Release */,
			);
			defaultConfigurationIsVisible = 0;
			defaultConfigurationName = Release;
		};
/* End XCConfigurationList section */
	};
	rootObject = 060782A6250CE27700A87020 /* Project object */;
}
