// !$*UTF8*$!
{
	archiveVersion = 1;
	classes = {
	};
	objectVersion = 51;
	objects = {

/* Begin PBXBuildFile section */
		6604BBDC19C7BDB28F71B008 /* Pods_Social_Network.framework in Frameworks */ = {isa = PBXBuildFile; fileRef = D7E0182EA0463A16135832F5 /* Pods_Social_Network.framework */; };
		75597A7D25D300CE00A120A7 /* AppCoordinator.swift in Sources */ = {isa = PBXBuildFile; fileRef = 75597A7C25D300CE00A120A7 /* AppCoordinator.swift */; };
		75597A8125D3012A00A120A7 /* FeedCoordinator.swift in Sources */ = {isa = PBXBuildFile; fileRef = 75597A8025D3012A00A120A7 /* FeedCoordinator.swift */; };
		75597A8525D3013A00A120A7 /* ProfileCoordinator.swift in Sources */ = {isa = PBXBuildFile; fileRef = 75597A8425D3013A00A120A7 /* ProfileCoordinator.swift */; };
		75597A8A25D303AC00A120A7 /* Coordinators.swift in Sources */ = {isa = PBXBuildFile; fileRef = 75597A8925D303AC00A120A7 /* Coordinators.swift */; };
		755ADFC625E51A19008E92A3 /* UIImageViewDownloader.swift in Sources */ = {isa = PBXBuildFile; fileRef = 755ADFC525E51A19008E92A3 /* UIImageViewDownloader.swift */; };
		755ADFC725E51A19008E92A3 /* UIImageViewDownloader.swift in Sources */ = {isa = PBXBuildFile; fileRef = 755ADFC525E51A19008E92A3 /* UIImageViewDownloader.swift */; };
		75B444B725C70CEE00B3C586 /* Storage.swift in Sources */ = {isa = PBXBuildFile; fileRef = 75B4448425C70CED00B3C586 /* Storage.swift */; };
		75B444B825C70CEE00B3C586 /* Storage.swift in Sources */ = {isa = PBXBuildFile; fileRef = 75B4448425C70CED00B3C586 /* Storage.swift */; };
		75B444B925C70CEE00B3C586 /* LaunchScreen.storyboard in Resources */ = {isa = PBXBuildFile; fileRef = 75B4448525C70CED00B3C586 /* LaunchScreen.storyboard */; };
		75B444BA25C70CEE00B3C586 /* LaunchScreen.storyboard in Resources */ = {isa = PBXBuildFile; fileRef = 75B4448525C70CED00B3C586 /* LaunchScreen.storyboard */; };
		75B444BB25C70CEE00B3C586 /* WhateverViewController.swift in Sources */ = {isa = PBXBuildFile; fileRef = 75B4448825C70CED00B3C586 /* WhateverViewController.swift */; };
		75B444BC25C70CEE00B3C586 /* WhateverViewController.swift in Sources */ = {isa = PBXBuildFile; fileRef = 75B4448825C70CED00B3C586 /* WhateverViewController.swift */; };
		75B444BD25C70CEE00B3C586 /* Assets.xcassets in Resources */ = {isa = PBXBuildFile; fileRef = 75B4448925C70CED00B3C586 /* Assets.xcassets */; };
		75B444BE25C70CEE00B3C586 /* Assets.xcassets in Resources */ = {isa = PBXBuildFile; fileRef = 75B4448925C70CED00B3C586 /* Assets.xcassets */; };
		75B444BF25C70CEE00B3C586 /* Launch Screen.storyboard in Resources */ = {isa = PBXBuildFile; fileRef = 75B4448A25C70CED00B3C586 /* Launch Screen.storyboard */; };
		75B444C025C70CEE00B3C586 /* Launch Screen.storyboard in Resources */ = {isa = PBXBuildFile; fileRef = 75B4448A25C70CED00B3C586 /* Launch Screen.storyboard */; };
		75B444C125C70CEE00B3C586 /* AppDelegate.swift in Sources */ = {isa = PBXBuildFile; fileRef = 75B4448B25C70CED00B3C586 /* AppDelegate.swift */; };
		75B444C225C70CEE00B3C586 /* AppDelegate.swift in Sources */ = {isa = PBXBuildFile; fileRef = 75B4448B25C70CED00B3C586 /* AppDelegate.swift */; };
		75B444C325C70CEE00B3C586 /* SceneDelegate.swift in Sources */ = {isa = PBXBuildFile; fileRef = 75B4448C25C70CED00B3C586 /* SceneDelegate.swift */; };
		75B444C425C70CEE00B3C586 /* SceneDelegate.swift in Sources */ = {isa = PBXBuildFile; fileRef = 75B4448C25C70CED00B3C586 /* SceneDelegate.swift */; };
		75B444C525C70CEE00B3C586 /* TabBarViewController.swift in Sources */ = {isa = PBXBuildFile; fileRef = 75B4448F25C70CED00B3C586 /* TabBarViewController.swift */; };
		75B444C625C70CEE00B3C586 /* TabBarViewController.swift in Sources */ = {isa = PBXBuildFile; fileRef = 75B4448F25C70CED00B3C586 /* TabBarViewController.swift */; };
		75B444C725C70CEE00B3C586 /* PhotosTableViewCell.swift in Sources */ = {isa = PBXBuildFile; fileRef = 75B4449225C70CED00B3C586 /* PhotosTableViewCell.swift */; };
		75B444C825C70CEE00B3C586 /* PhotosTableViewCell.swift in Sources */ = {isa = PBXBuildFile; fileRef = 75B4449225C70CED00B3C586 /* PhotosTableViewCell.swift */; };
		75B444C925C70CEE00B3C586 /* PostTableViewCell.swift in Sources */ = {isa = PBXBuildFile; fileRef = 75B4449325C70CED00B3C586 /* PostTableViewCell.swift */; };
		75B444CA25C70CEE00B3C586 /* PostTableViewCell.swift in Sources */ = {isa = PBXBuildFile; fileRef = 75B4449325C70CED00B3C586 /* PostTableViewCell.swift */; };
		75B444CB25C70CEE00B3C586 /* PhotosCollectionViewCell.swift in Sources */ = {isa = PBXBuildFile; fileRef = 75B4449525C70CED00B3C586 /* PhotosCollectionViewCell.swift */; };
		75B444CC25C70CEE00B3C586 /* PhotosCollectionViewCell.swift in Sources */ = {isa = PBXBuildFile; fileRef = 75B4449525C70CED00B3C586 /* PhotosCollectionViewCell.swift */; };
		75B444CD25C70CEE00B3C586 /* PhotosViewController.swift in Sources */ = {isa = PBXBuildFile; fileRef = 75B4449725C70CED00B3C586 /* PhotosViewController.swift */; };
		75B444CE25C70CEE00B3C586 /* PhotosViewController.swift in Sources */ = {isa = PBXBuildFile; fileRef = 75B4449725C70CED00B3C586 /* PhotosViewController.swift */; };
		75B444CF25C70CEE00B3C586 /* ProfileViewController.swift in Sources */ = {isa = PBXBuildFile; fileRef = 75B4449825C70CED00B3C586 /* ProfileViewController.swift */; };
		75B444D025C70CEE00B3C586 /* ProfileViewController.swift in Sources */ = {isa = PBXBuildFile; fileRef = 75B4449825C70CED00B3C586 /* ProfileViewController.swift */; };
		75B444D125C70CEE00B3C586 /* ProfileHeaderView.swift in Sources */ = {isa = PBXBuildFile; fileRef = 75B4449A25C70CED00B3C586 /* ProfileHeaderView.swift */; };
		75B444D225C70CEE00B3C586 /* ProfileHeaderView.swift in Sources */ = {isa = PBXBuildFile; fileRef = 75B4449A25C70CED00B3C586 /* ProfileHeaderView.swift */; };
		75B444D925C70CEE00B3C586 /* PostViewController.swift in Sources */ = {isa = PBXBuildFile; fileRef = 75B444A225C70CED00B3C586 /* PostViewController.swift */; };
		75B444DA25C70CEE00B3C586 /* PostViewController.swift in Sources */ = {isa = PBXBuildFile; fileRef = 75B444A225C70CED00B3C586 /* PostViewController.swift */; };
		75B444DB25C70CEE00B3C586 /* FeedViewController.swift in Sources */ = {isa = PBXBuildFile; fileRef = 75B444A325C70CED00B3C586 /* FeedViewController.swift */; };
		75B444DC25C70CEE00B3C586 /* FeedViewController.swift in Sources */ = {isa = PBXBuildFile; fileRef = 75B444A325C70CED00B3C586 /* FeedViewController.swift */; };
		75B444DD25C70CEE00B3C586 /* FeedContainerView.swift in Sources */ = {isa = PBXBuildFile; fileRef = 75B444A525C70CED00B3C586 /* FeedContainerView.swift */; };
		75B444DE25C70CEE00B3C586 /* FeedContainerView.swift in Sources */ = {isa = PBXBuildFile; fileRef = 75B444A525C70CED00B3C586 /* FeedContainerView.swift */; };
		75B444DF25C70CEE00B3C586 /* Checker.swift in Sources */ = {isa = PBXBuildFile; fileRef = 75B444A825C70CED00B3C586 /* Checker.swift */; };
		75B444E025C70CEE00B3C586 /* Checker.swift in Sources */ = {isa = PBXBuildFile; fileRef = 75B444A825C70CED00B3C586 /* Checker.swift */; };
		75B444E125C70CEE00B3C586 /* LogInViewControllerDelegate.swift in Sources */ = {isa = PBXBuildFile; fileRef = 75B444AA25C70CED00B3C586 /* LogInViewControllerDelegate.swift */; };
		75B444E225C70CEE00B3C586 /* LogInViewControllerDelegate.swift in Sources */ = {isa = PBXBuildFile; fileRef = 75B444AA25C70CED00B3C586 /* LogInViewControllerDelegate.swift */; };
		75B444E325C70CEE00B3C586 /* LogInViewController.swift in Sources */ = {isa = PBXBuildFile; fileRef = 75B444AC25C70CED00B3C586 /* LogInViewController.swift */; };
		75B444E425C70CEE00B3C586 /* LogInViewController.swift in Sources */ = {isa = PBXBuildFile; fileRef = 75B444AC25C70CED00B3C586 /* LogInViewController.swift */; };
		75B444E525C70CEE00B3C586 /* LoginReviewer.swift in Sources */ = {isa = PBXBuildFile; fileRef = 75B444AE25C70CED00B3C586 /* LoginReviewer.swift */; };
		75B444E625C70CEE00B3C586 /* LoginReviewer.swift in Sources */ = {isa = PBXBuildFile; fileRef = 75B444AE25C70CED00B3C586 /* LoginReviewer.swift */; };
		75B444E725C70CEE00B3C586 /* UIImage+Alpha.swift in Sources */ = {isa = PBXBuildFile; fileRef = 75B444B125C70CED00B3C586 /* UIImage+Alpha.swift */; };
		75B444E825C70CEE00B3C586 /* UIImage+Alpha.swift in Sources */ = {isa = PBXBuildFile; fileRef = 75B444B125C70CED00B3C586 /* UIImage+Alpha.swift */; };
		B3B7E4A9C8C620DC13007CAC /* Pods_New_Social_Network.framework in Frameworks */ = {isa = PBXBuildFile; fileRef = B38C3AFBDD855E7FD3CF6010 /* Pods_New_Social_Network.framework */; };
/* End PBXBuildFile section */

/* Begin PBXFileReference section */
		060782AE250CE27700A87020 /* Social_Network.app */ = {isa = PBXFileReference; explicitFileType = wrapper.application; includeInIndex = 0; path = Social_Network.app; sourceTree = BUILT_PRODUCTS_DIR; };
		0ED7673D80285947C2B45ECA /* Pods-Social_Network.release.xcconfig */ = {isa = PBXFileReference; includeInIndex = 1; lastKnownFileType = text.xcconfig; name = "Pods-Social_Network.release.xcconfig"; path = "Target Support Files/Pods-Social_Network/Pods-Social_Network.release.xcconfig"; sourceTree = "<group>"; };
		753AF983258E90A500DAA111 /* New Social_Network.app */ = {isa = PBXFileReference; explicitFileType = wrapper.application; includeInIndex = 0; path = "New Social_Network.app"; sourceTree = BUILT_PRODUCTS_DIR; };
		75597A7C25D300CE00A120A7 /* AppCoordinator.swift */ = {isa = PBXFileReference; lastKnownFileType = sourcecode.swift; path = AppCoordinator.swift; sourceTree = "<group>"; };
		75597A8025D3012A00A120A7 /* FeedCoordinator.swift */ = {isa = PBXFileReference; lastKnownFileType = sourcecode.swift; path = FeedCoordinator.swift; sourceTree = "<group>"; };
		75597A8425D3013A00A120A7 /* ProfileCoordinator.swift */ = {isa = PBXFileReference; lastKnownFileType = sourcecode.swift; path = ProfileCoordinator.swift; sourceTree = "<group>"; };
		75597A8925D303AC00A120A7 /* Coordinators.swift */ = {isa = PBXFileReference; lastKnownFileType = sourcecode.swift; path = Coordinators.swift; sourceTree = "<group>"; };
		755ADFC525E51A19008E92A3 /* UIImageViewDownloader.swift */ = {isa = PBXFileReference; lastKnownFileType = sourcecode.swift; path = UIImageViewDownloader.swift; sourceTree = "<group>"; };
		75B4448125C70CED00B3C586 /* Social_Network copy-Info.plist */ = {isa = PBXFileReference; fileEncoding = 4; lastKnownFileType = text.plist.xml; path = "Social_Network copy-Info.plist"; sourceTree = "<group>"; };
		75B4448425C70CED00B3C586 /* Storage.swift */ = {isa = PBXFileReference; fileEncoding = 4; lastKnownFileType = sourcecode.swift; path = Storage.swift; sourceTree = "<group>"; };
		75B4448625C70CED00B3C586 /* Base */ = {isa = PBXFileReference; lastKnownFileType = file.storyboard; name = Base; path = Base.lproj/LaunchScreen.storyboard; sourceTree = "<group>"; };
		75B4448825C70CED00B3C586 /* WhateverViewController.swift */ = {isa = PBXFileReference; fileEncoding = 4; lastKnownFileType = sourcecode.swift; path = WhateverViewController.swift; sourceTree = "<group>"; };
		75B4448925C70CED00B3C586 /* Assets.xcassets */ = {isa = PBXFileReference; lastKnownFileType = folder.assetcatalog; path = Assets.xcassets; sourceTree = "<group>"; };
		75B4448A25C70CED00B3C586 /* Launch Screen.storyboard */ = {isa = PBXFileReference; fileEncoding = 4; lastKnownFileType = file.storyboard; path = "Launch Screen.storyboard"; sourceTree = "<group>"; };
		75B4448B25C70CED00B3C586 /* AppDelegate.swift */ = {isa = PBXFileReference; fileEncoding = 4; lastKnownFileType = sourcecode.swift; path = AppDelegate.swift; sourceTree = "<group>"; };
		75B4448C25C70CED00B3C586 /* SceneDelegate.swift */ = {isa = PBXFileReference; fileEncoding = 4; lastKnownFileType = sourcecode.swift; path = SceneDelegate.swift; sourceTree = "<group>"; };
		75B4448F25C70CED00B3C586 /* TabBarViewController.swift */ = {isa = PBXFileReference; fileEncoding = 4; lastKnownFileType = sourcecode.swift; path = TabBarViewController.swift; sourceTree = "<group>"; };
		75B4449225C70CED00B3C586 /* PhotosTableViewCell.swift */ = {isa = PBXFileReference; fileEncoding = 4; lastKnownFileType = sourcecode.swift; path = PhotosTableViewCell.swift; sourceTree = "<group>"; };
		75B4449325C70CED00B3C586 /* PostTableViewCell.swift */ = {isa = PBXFileReference; fileEncoding = 4; lastKnownFileType = sourcecode.swift; path = PostTableViewCell.swift; sourceTree = "<group>"; };
		75B4449525C70CED00B3C586 /* PhotosCollectionViewCell.swift */ = {isa = PBXFileReference; fileEncoding = 4; lastKnownFileType = sourcecode.swift; path = PhotosCollectionViewCell.swift; sourceTree = "<group>"; };
		75B4449725C70CED00B3C586 /* PhotosViewController.swift */ = {isa = PBXFileReference; fileEncoding = 4; lastKnownFileType = sourcecode.swift; path = PhotosViewController.swift; sourceTree = "<group>"; };
		75B4449825C70CED00B3C586 /* ProfileViewController.swift */ = {isa = PBXFileReference; fileEncoding = 4; lastKnownFileType = sourcecode.swift; path = ProfileViewController.swift; sourceTree = "<group>"; };
		75B4449A25C70CED00B3C586 /* ProfileHeaderView.swift */ = {isa = PBXFileReference; fileEncoding = 4; lastKnownFileType = sourcecode.swift; path = ProfileHeaderView.swift; sourceTree = "<group>"; };
		75B444A225C70CED00B3C586 /* PostViewController.swift */ = {isa = PBXFileReference; fileEncoding = 4; lastKnownFileType = sourcecode.swift; path = PostViewController.swift; sourceTree = "<group>"; };
		75B444A325C70CED00B3C586 /* FeedViewController.swift */ = {isa = PBXFileReference; fileEncoding = 4; lastKnownFileType = sourcecode.swift; path = FeedViewController.swift; sourceTree = "<group>"; };
		75B444A525C70CED00B3C586 /* FeedContainerView.swift */ = {isa = PBXFileReference; fileEncoding = 4; lastKnownFileType = sourcecode.swift; path = FeedContainerView.swift; sourceTree = "<group>"; };
		75B444A825C70CED00B3C586 /* Checker.swift */ = {isa = PBXFileReference; fileEncoding = 4; lastKnownFileType = sourcecode.swift; path = Checker.swift; sourceTree = "<group>"; };
		75B444AA25C70CED00B3C586 /* LogInViewControllerDelegate.swift */ = {isa = PBXFileReference; fileEncoding = 4; lastKnownFileType = sourcecode.swift; path = LogInViewControllerDelegate.swift; sourceTree = "<group>"; };
		75B444AC25C70CED00B3C586 /* LogInViewController.swift */ = {isa = PBXFileReference; fileEncoding = 4; lastKnownFileType = sourcecode.swift; path = LogInViewController.swift; sourceTree = "<group>"; };
		75B444AE25C70CED00B3C586 /* LoginReviewer.swift */ = {isa = PBXFileReference; fileEncoding = 4; lastKnownFileType = sourcecode.swift; path = LoginReviewer.swift; sourceTree = "<group>"; };
		75B444B125C70CED00B3C586 /* UIImage+Alpha.swift */ = {isa = PBXFileReference; fileEncoding = 4; lastKnownFileType = sourcecode.swift; path = "UIImage+Alpha.swift"; sourceTree = "<group>"; };
		75B444B425C70CED00B3C586 /* Info.plist */ = {isa = PBXFileReference; fileEncoding = 4; lastKnownFileType = text.plist.xml; path = Info.plist; sourceTree = "<group>"; };
		7E4FFA143DABAE99DA0BC831 /* Pods-New Social_Network.release.xcconfig */ = {isa = PBXFileReference; includeInIndex = 1; lastKnownFileType = text.xcconfig; name = "Pods-New Social_Network.release.xcconfig"; path = "Target Support Files/Pods-New Social_Network/Pods-New Social_Network.release.xcconfig"; sourceTree = "<group>"; };
		A4C288C8D377A18E38AAA07C /* Pods-New Social_Network.debug.xcconfig */ = {isa = PBXFileReference; includeInIndex = 1; lastKnownFileType = text.xcconfig; name = "Pods-New Social_Network.debug.xcconfig"; path = "Target Support Files/Pods-New Social_Network/Pods-New Social_Network.debug.xcconfig"; sourceTree = "<group>"; };
		B38C3AFBDD855E7FD3CF6010 /* Pods_New_Social_Network.framework */ = {isa = PBXFileReference; explicitFileType = wrapper.framework; includeInIndex = 0; path = Pods_New_Social_Network.framework; sourceTree = BUILT_PRODUCTS_DIR; };
		D7E0182EA0463A16135832F5 /* Pods_Social_Network.framework */ = {isa = PBXFileReference; explicitFileType = wrapper.framework; includeInIndex = 0; path = Pods_Social_Network.framework; sourceTree = BUILT_PRODUCTS_DIR; };
		EE9C3207536DA8F9A8083AFF /* Pods-Social_Network.debug.xcconfig */ = {isa = PBXFileReference; includeInIndex = 1; lastKnownFileType = text.xcconfig; name = "Pods-Social_Network.debug.xcconfig"; path = "Target Support Files/Pods-Social_Network/Pods-Social_Network.debug.xcconfig"; sourceTree = "<group>"; };
/* End PBXFileReference section */

/* Begin PBXFrameworksBuildPhase section */
		060782AB250CE27700A87020 /* Frameworks */ = {
			isa = PBXFrameworksBuildPhase;
			buildActionMask = 2147483647;
			files = (
				6604BBDC19C7BDB28F71B008 /* Pods_Social_Network.framework in Frameworks */,
			);
			runOnlyForDeploymentPostprocessing = 0;
		};
		753AF97C258E90A500DAA111 /* Frameworks */ = {
			isa = PBXFrameworksBuildPhase;
			buildActionMask = 2147483647;
			files = (
				B3B7E4A9C8C620DC13007CAC /* Pods_New_Social_Network.framework in Frameworks */,
			);
			runOnlyForDeploymentPostprocessing = 0;
		};
/* End PBXFrameworksBuildPhase section */

/* Begin PBXGroup section */
		060782A5250CE27700A87020 = {
			isa = PBXGroup;
			children = (
				75B4448025C70CED00B3C586 /* Social Network */,
				060782AF250CE27700A87020 /* Products */,
				31DA01686DA7C113C6841342 /* Pods */,
				11F40F0E8708BC78C972A880 /* Frameworks */,
			);
			sourceTree = "<group>";
		};
		060782AF250CE27700A87020 /* Products */ = {
			isa = PBXGroup;
			children = (
				060782AE250CE27700A87020 /* Social_Network.app */,
				753AF983258E90A500DAA111 /* New Social_Network.app */,
			);
			name = Products;
			sourceTree = "<group>";
		};
		11F40F0E8708BC78C972A880 /* Frameworks */ = {
			isa = PBXGroup;
			children = (
				B38C3AFBDD855E7FD3CF6010 /* Pods_New_Social_Network.framework */,
				D7E0182EA0463A16135832F5 /* Pods_Social_Network.framework */,
			);
			name = Frameworks;
			sourceTree = "<group>";
		};
		31DA01686DA7C113C6841342 /* Pods */ = {
			isa = PBXGroup;
			children = (
				A4C288C8D377A18E38AAA07C /* Pods-New Social_Network.debug.xcconfig */,
				7E4FFA143DABAE99DA0BC831 /* Pods-New Social_Network.release.xcconfig */,
				EE9C3207536DA8F9A8083AFF /* Pods-Social_Network.debug.xcconfig */,
				0ED7673D80285947C2B45ECA /* Pods-Social_Network.release.xcconfig */,
			);
			path = Pods;
			sourceTree = "<group>";
		};
		75597A8825D3017600A120A7 /* Coordinators */ = {
			isa = PBXGroup;
			children = (
				75597A7C25D300CE00A120A7 /* AppCoordinator.swift */,
				75597A8025D3012A00A120A7 /* FeedCoordinator.swift */,
				75597A8425D3013A00A120A7 /* ProfileCoordinator.swift */,
				75597A8925D303AC00A120A7 /* Coordinators.swift */,
			);
			path = Coordinators;
			sourceTree = "<group>";
		};
		755ADFC425E51995008E92A3 /* Image Downloader */ = {
			isa = PBXGroup;
			children = (
				755ADFC525E51A19008E92A3 /* UIImageViewDownloader.swift */,
			);
			path = "Image Downloader";
			sourceTree = "<group>";
		};
		75B4448025C70CED00B3C586 /* Social Network */ = {
			isa = PBXGroup;
			children = (
				75B4448725C70CED00B3C586 /* Applcation */,
				75B4448D25C70CED00B3C586 /* Work Flows */,
				75B4448225C70CED00B3C586 /* Data Sources */,
				75B444AF25C70CED00B3C586 /* Helpers */,
				75B4448125C70CED00B3C586 /* Social_Network copy-Info.plist */,
				75B444B425C70CED00B3C586 /* Info.plist */,
			);
			path = "Social Network";
			sourceTree = "<group>";
		};
		75B4448225C70CED00B3C586 /* Data Sources */ = {
			isa = PBXGroup;
			children = (
				75B4448325C70CED00B3C586 /* Storages */,
			);
			path = "Data Sources";
			sourceTree = "<group>";
		};
		75B4448325C70CED00B3C586 /* Storages */ = {
			isa = PBXGroup;
			children = (
				75B4448425C70CED00B3C586 /* Storage.swift */,
			);
			path = Storages;
			sourceTree = "<group>";
		};
		75B4448725C70CED00B3C586 /* Applcation */ = {
			isa = PBXGroup;
			children = (
				75B4448525C70CED00B3C586 /* LaunchScreen.storyboard */,
				75B4448825C70CED00B3C586 /* WhateverViewController.swift */,
				75B4448925C70CED00B3C586 /* Assets.xcassets */,
				75B4448A25C70CED00B3C586 /* Launch Screen.storyboard */,
				75B4448B25C70CED00B3C586 /* AppDelegate.swift */,
				75B4448C25C70CED00B3C586 /* SceneDelegate.swift */,
			);
			path = Applcation;
			sourceTree = "<group>";
		};
		75B4448D25C70CED00B3C586 /* Work Flows */ = {
			isa = PBXGroup;
			children = (
				75597A8825D3017600A120A7 /* Coordinators */,
				75B4448E25C70CED00B3C586 /* Tab Bar */,
				75B4449025C70CED00B3C586 /* Profile */,
				75B4449B25C70CED00B3C586 /* Feed */,
				75B444A625C70CED00B3C586 /* Login */,
			);
			path = "Work Flows";
			sourceTree = "<group>";
		};
		75B4448E25C70CED00B3C586 /* Tab Bar */ = {
			isa = PBXGroup;
			children = (
				75B4448F25C70CED00B3C586 /* TabBarViewController.swift */,
			);
			path = "Tab Bar";
			sourceTree = "<group>";
		};
		75B4449025C70CED00B3C586 /* Profile */ = {
			isa = PBXGroup;
			children = (
				75B4449125C70CED00B3C586 /* TableViewCells */,
				75B4449425C70CED00B3C586 /* CollectionVIewCells */,
				75B4449625C70CED00B3C586 /* Controllers */,
				75B4449925C70CED00B3C586 /* Views */,
			);
			path = Profile;
			sourceTree = "<group>";
		};
		75B4449125C70CED00B3C586 /* TableViewCells */ = {
			isa = PBXGroup;
			children = (
				75B4449225C70CED00B3C586 /* PhotosTableViewCell.swift */,
				75B4449325C70CED00B3C586 /* PostTableViewCell.swift */,
			);
			path = TableViewCells;
			sourceTree = "<group>";
		};
		75B4449425C70CED00B3C586 /* CollectionVIewCells */ = {
			isa = PBXGroup;
			children = (
				75B4449525C70CED00B3C586 /* PhotosCollectionViewCell.swift */,
			);
			path = CollectionVIewCells;
			sourceTree = "<group>";
		};
		75B4449625C70CED00B3C586 /* Controllers */ = {
			isa = PBXGroup;
			children = (
				75B4449725C70CED00B3C586 /* PhotosViewController.swift */,
				75B4449825C70CED00B3C586 /* ProfileViewController.swift */,
			);
			path = Controllers;
			sourceTree = "<group>";
		};
		75B4449925C70CED00B3C586 /* Views */ = {
			isa = PBXGroup;
			children = (
				75B4449A25C70CED00B3C586 /* ProfileHeaderView.swift */,
			);
			path = Views;
			sourceTree = "<group>";
		};
		75B4449B25C70CED00B3C586 /* Feed */ = {
			isa = PBXGroup;
			children = (
				75B444A025C70CED00B3C586 /* Controllers */,
				75B444A425C70CED00B3C586 /* Views */,
			);
			path = Feed;
			sourceTree = "<group>";
		};
		75B444A025C70CED00B3C586 /* Controllers */ = {
			isa = PBXGroup;
			children = (
				75B444A225C70CED00B3C586 /* PostViewController.swift */,
				75B444A325C70CED00B3C586 /* FeedViewController.swift */,
			);
			path = Controllers;
			sourceTree = "<group>";
		};
		75B444A425C70CED00B3C586 /* Views */ = {
			isa = PBXGroup;
			children = (
				75B444A525C70CED00B3C586 /* FeedContainerView.swift */,
			);
			path = Views;
			sourceTree = "<group>";
		};
		75B444A625C70CED00B3C586 /* Login */ = {
			isa = PBXGroup;
			children = (
				75B444A725C70CED00B3C586 /* LoginChecker */,
				75B444A925C70CED00B3C586 /* Delegates */,
				75B444AB25C70CED00B3C586 /* Controllers */,
				75B444AD25C70CED00B3C586 /* LoginReviewer */,
			);
			path = Login;
			sourceTree = "<group>";
		};
		75B444A725C70CED00B3C586 /* LoginChecker */ = {
			isa = PBXGroup;
			children = (
				75B444A825C70CED00B3C586 /* Checker.swift */,
			);
			path = LoginChecker;
			sourceTree = "<group>";
		};
		75B444A925C70CED00B3C586 /* Delegates */ = {
			isa = PBXGroup;
			children = (
				75B444AA25C70CED00B3C586 /* LogInViewControllerDelegate.swift */,
			);
			path = Delegates;
			sourceTree = "<group>";
		};
		75B444AB25C70CED00B3C586 /* Controllers */ = {
			isa = PBXGroup;
			children = (
				75B444AC25C70CED00B3C586 /* LogInViewController.swift */,
			);
			path = Controllers;
			sourceTree = "<group>";
		};
		75B444AD25C70CED00B3C586 /* LoginReviewer */ = {
			isa = PBXGroup;
			children = (
				75B444AE25C70CED00B3C586 /* LoginReviewer.swift */,
			);
			path = LoginReviewer;
			sourceTree = "<group>";
		};
		75B444AF25C70CED00B3C586 /* Helpers */ = {
			isa = PBXGroup;
			children = (
				755ADFC425E51995008E92A3 /* Image Downloader */,
				75B444B025C70CED00B3C586 /* Alpha For Images */,
			);
			path = Helpers;
			sourceTree = "<group>";
		};
		75B444B025C70CED00B3C586 /* Alpha For Images */ = {
			isa = PBXGroup;
			children = (
				75B444B125C70CED00B3C586 /* UIImage+Alpha.swift */,
			);
			path = "Alpha For Images";
			sourceTree = "<group>";
		};
/* End PBXGroup section */

/* Begin PBXNativeTarget section */
		060782AD250CE27700A87020 /* Social_Network */ = {
			isa = PBXNativeTarget;
			buildConfigurationList = 060782C2250CE27A00A87020 /* Build configuration list for PBXNativeTarget "Social_Network" */;
			buildPhases = (
				797F5746B6B91ED7B9554AB1 /* [CP] Check Pods Manifest.lock */,
				060782AA250CE27700A87020 /* Sources */,
				060782AB250CE27700A87020 /* Frameworks */,
				060782AC250CE27700A87020 /* Resources */,
				62A845C0AC9B3951E5C980A0 /* [CP] Embed Pods Frameworks */,
			);
			buildRules = (
			);
			dependencies = (
			);
			name = Social_Network;
			productName = Navigation;
			productReference = 060782AE250CE27700A87020 /* Social_Network.app */;
			productType = "com.apple.product-type.application";
		};
		753AF96B258E90A500DAA111 /* New Social_Network */ = {
			isa = PBXNativeTarget;
			buildConfigurationList = 753AF980258E90A500DAA111 /* Build configuration list for PBXNativeTarget "New Social_Network" */;
			buildPhases = (
				39875EA61778EFFDE9609B5C /* [CP] Check Pods Manifest.lock */,
				753AF96C258E90A500DAA111 /* Sources */,
				753AF97C258E90A500DAA111 /* Frameworks */,
				753AF97D258E90A500DAA111 /* Resources */,
				FDA2DEE69130B0FE555D8E18 /* [CP] Embed Pods Frameworks */,
			);
			buildRules = (
			);
			dependencies = (
			);
			name = "New Social_Network";
			productName = Navigation;
			productReference = 753AF983258E90A500DAA111 /* New Social_Network.app */;
			productType = "com.apple.product-type.application";
		};
/* End PBXNativeTarget section */

/* Begin PBXProject section */
		060782A6250CE27700A87020 /* Project object */ = {
			isa = PBXProject;
			attributes = {
				LastSwiftUpdateCheck = 1170;
				LastUpgradeCheck = 1230;
				ORGANIZATIONNAME = "";
				TargetAttributes = {
					060782AD250CE27700A87020 = {
						CreatedOnToolsVersion = 11.7;
					};
				};
			};
			buildConfigurationList = 060782A9250CE27700A87020 /* Build configuration list for PBXProject "Social_Network" */;
			compatibilityVersion = "Xcode 9.3";
			developmentRegion = en;
			hasScannedForEncodings = 0;
			knownRegions = (
				en,
				Base,
			);
			mainGroup = 060782A5250CE27700A87020;
			productRefGroup = 060782AF250CE27700A87020 /* Products */;
			projectDirPath = "";
			projectRoot = "";
			targets = (
				060782AD250CE27700A87020 /* Social_Network */,
				753AF96B258E90A500DAA111 /* New Social_Network */,
			);
		};
/* End PBXProject section */

/* Begin PBXResourcesBuildPhase section */
		060782AC250CE27700A87020 /* Resources */ = {
			isa = PBXResourcesBuildPhase;
			buildActionMask = 2147483647;
			files = (
				75B444BD25C70CEE00B3C586 /* Assets.xcassets in Resources */,
				75B444BF25C70CEE00B3C586 /* Launch Screen.storyboard in Resources */,
				75B444B925C70CEE00B3C586 /* LaunchScreen.storyboard in Resources */,
			);
			runOnlyForDeploymentPostprocessing = 0;
		};
		753AF97D258E90A500DAA111 /* Resources */ = {
			isa = PBXResourcesBuildPhase;
			buildActionMask = 2147483647;
			files = (
				75B444BE25C70CEE00B3C586 /* Assets.xcassets in Resources */,
				75B444C025C70CEE00B3C586 /* Launch Screen.storyboard in Resources */,
				75B444BA25C70CEE00B3C586 /* LaunchScreen.storyboard in Resources */,
			);
			runOnlyForDeploymentPostprocessing = 0;
		};
/* End PBXResourcesBuildPhase section */

/* Begin PBXShellScriptBuildPhase section */
		39875EA61778EFFDE9609B5C /* [CP] Check Pods Manifest.lock */ = {
			isa = PBXShellScriptBuildPhase;
			buildActionMask = 2147483647;
			files = (
			);
			inputFileListPaths = (
			);
			inputPaths = (
				"${PODS_PODFILE_DIR_PATH}/Podfile.lock",
				"${PODS_ROOT}/Manifest.lock",
			);
			name = "[CP] Check Pods Manifest.lock";
			outputFileListPaths = (
			);
			outputPaths = (
				"$(DERIVED_FILE_DIR)/Pods-New Social_Network-checkManifestLockResult.txt",
			);
			runOnlyForDeploymentPostprocessing = 0;
			shellPath = /bin/sh;
			shellScript = "diff \"${PODS_PODFILE_DIR_PATH}/Podfile.lock\" \"${PODS_ROOT}/Manifest.lock\" > /dev/null\nif [ $? != 0 ] ; then\n    # print error to STDERR\n    echo \"error: The sandbox is not in sync with the Podfile.lock. Run 'pod install' or update your CocoaPods installation.\" >&2\n    exit 1\nfi\n# This output is used by Xcode 'outputs' to avoid re-running this script phase.\necho \"SUCCESS\" > \"${SCRIPT_OUTPUT_FILE_0}\"\n";
			showEnvVarsInLog = 0;
		};
		62A845C0AC9B3951E5C980A0 /* [CP] Embed Pods Frameworks */ = {
			isa = PBXShellScriptBuildPhase;
			buildActionMask = 2147483647;
			files = (
			);
			inputFileListPaths = (
				"${PODS_ROOT}/Target Support Files/Pods-Social_Network/Pods-Social_Network-frameworks-${CONFIGURATION}-input-files.xcfilelist",
			);
			name = "[CP] Embed Pods Frameworks";
			outputFileListPaths = (
				"${PODS_ROOT}/Target Support Files/Pods-Social_Network/Pods-Social_Network-frameworks-${CONFIGURATION}-output-files.xcfilelist",
			);
			runOnlyForDeploymentPostprocessing = 0;
			shellPath = /bin/sh;
			shellScript = "\"${PODS_ROOT}/Target Support Files/Pods-Social_Network/Pods-Social_Network-frameworks.sh\"\n";
			showEnvVarsInLog = 0;
		};
		797F5746B6B91ED7B9554AB1 /* [CP] Check Pods Manifest.lock */ = {
			isa = PBXShellScriptBuildPhase;
			buildActionMask = 2147483647;
			files = (
			);
			inputFileListPaths = (
			);
			inputPaths = (
				"${PODS_PODFILE_DIR_PATH}/Podfile.lock",
				"${PODS_ROOT}/Manifest.lock",
			);
			name = "[CP] Check Pods Manifest.lock";
			outputFileListPaths = (
			);
			outputPaths = (
				"$(DERIVED_FILE_DIR)/Pods-Social_Network-checkManifestLockResult.txt",
			);
			runOnlyForDeploymentPostprocessing = 0;
			shellPath = /bin/sh;
			shellScript = "diff \"${PODS_PODFILE_DIR_PATH}/Podfile.lock\" \"${PODS_ROOT}/Manifest.lock\" > /dev/null\nif [ $? != 0 ] ; then\n    # print error to STDERR\n    echo \"error: The sandbox is not in sync with the Podfile.lock. Run 'pod install' or update your CocoaPods installation.\" >&2\n    exit 1\nfi\n# This output is used by Xcode 'outputs' to avoid re-running this script phase.\necho \"SUCCESS\" > \"${SCRIPT_OUTPUT_FILE_0}\"\n";
			showEnvVarsInLog = 0;
		};
		FDA2DEE69130B0FE555D8E18 /* [CP] Embed Pods Frameworks */ = {
			isa = PBXShellScriptBuildPhase;
			buildActionMask = 2147483647;
			files = (
			);
			inputFileListPaths = (
				"${PODS_ROOT}/Target Support Files/Pods-New Social_Network/Pods-New Social_Network-frameworks-${CONFIGURATION}-input-files.xcfilelist",
			);
			name = "[CP] Embed Pods Frameworks";
			outputFileListPaths = (
				"${PODS_ROOT}/Target Support Files/Pods-New Social_Network/Pods-New Social_Network-frameworks-${CONFIGURATION}-output-files.xcfilelist",
			);
			runOnlyForDeploymentPostprocessing = 0;
			shellPath = /bin/sh;
			shellScript = "\"${PODS_ROOT}/Target Support Files/Pods-New Social_Network/Pods-New Social_Network-frameworks.sh\"\n";
			showEnvVarsInLog = 0;
		};
/* End PBXShellScriptBuildPhase section */

/* Begin PBXSourcesBuildPhase section */
		060782AA250CE27700A87020 /* Sources */ = {
			isa = PBXSourcesBuildPhase;
			buildActionMask = 2147483647;
			files = (
				75B444E125C70CEE00B3C586 /* LogInViewControllerDelegate.swift in Sources */,
				755ADFC625E51A19008E92A3 /* UIImageViewDownloader.swift in Sources */,
				75B444CD25C70CEE00B3C586 /* PhotosViewController.swift in Sources */,
				75597A8A25D303AC00A120A7 /* Coordinators.swift in Sources */,
				75B444C925C70CEE00B3C586 /* PostTableViewCell.swift in Sources */,
				75597A8525D3013A00A120A7 /* ProfileCoordinator.swift in Sources */,
				75B444D125C70CEE00B3C586 /* ProfileHeaderView.swift in Sources */,
				75B444CF25C70CEE00B3C586 /* ProfileViewController.swift in Sources */,
				75B444C725C70CEE00B3C586 /* PhotosTableViewCell.swift in Sources */,
				75597A7D25D300CE00A120A7 /* AppCoordinator.swift in Sources */,
				75B444C125C70CEE00B3C586 /* AppDelegate.swift in Sources */,
				75B444DB25C70CEE00B3C586 /* FeedViewController.swift in Sources */,
				75B444E725C70CEE00B3C586 /* UIImage+Alpha.swift in Sources */,
				75B444E325C70CEE00B3C586 /* LogInViewController.swift in Sources */,
				75B444DF25C70CEE00B3C586 /* Checker.swift in Sources */,
				75B444BB25C70CEE00B3C586 /* WhateverViewController.swift in Sources */,
				75B444B725C70CEE00B3C586 /* Storage.swift in Sources */,
				75B444E525C70CEE00B3C586 /* LoginReviewer.swift in Sources */,
				75597A8125D3012A00A120A7 /* FeedCoordinator.swift in Sources */,
				75B444D925C70CEE00B3C586 /* PostViewController.swift in Sources */,
				75B444DD25C70CEE00B3C586 /* FeedContainerView.swift in Sources */,
				75B444CB25C70CEE00B3C586 /* PhotosCollectionViewCell.swift in Sources */,
				75B444C525C70CEE00B3C586 /* TabBarViewController.swift in Sources */,
				75B444C325C70CEE00B3C586 /* SceneDelegate.swift in Sources */,
			);
			runOnlyForDeploymentPostprocessing = 0;
		};
		753AF96C258E90A500DAA111 /* Sources */ = {
			isa = PBXSourcesBuildPhase;
			buildActionMask = 2147483647;
			files = (
				75B444E225C70CEE00B3C586 /* LogInViewControllerDelegate.swift in Sources */,
				75B444CE25C70CEE00B3C586 /* PhotosViewController.swift in Sources */,
				75B444CA25C70CEE00B3C586 /* PostTableViewCell.swift in Sources */,
				75B444D225C70CEE00B3C586 /* ProfileHeaderView.swift in Sources */,
				75B444D025C70CEE00B3C586 /* ProfileViewController.swift in Sources */,
				755ADFC725E51A19008E92A3 /* UIImageViewDownloader.swift in Sources */,
				75B444C825C70CEE00B3C586 /* PhotosTableViewCell.swift in Sources */,
				75B444C225C70CEE00B3C586 /* AppDelegate.swift in Sources */,
				75B444DC25C70CEE00B3C586 /* FeedViewController.swift in Sources */,
				75B444E825C70CEE00B3C586 /* UIImage+Alpha.swift in Sources */,
				75B444E425C70CEE00B3C586 /* LogInViewController.swift in Sources */,
				75B444E025C70CEE00B3C586 /* Checker.swift in Sources */,
				75B444BC25C70CEE00B3C586 /* WhateverViewController.swift in Sources */,
				75B444B825C70CEE00B3C586 /* Storage.swift in Sources */,
				75B444E625C70CEE00B3C586 /* LoginReviewer.swift in Sources */,
				75B444DA25C70CEE00B3C586 /* PostViewController.swift in Sources */,
				75B444DE25C70CEE00B3C586 /* FeedContainerView.swift in Sources */,
				75B444CC25C70CEE00B3C586 /* PhotosCollectionViewCell.swift in Sources */,
				75B444C625C70CEE00B3C586 /* TabBarViewController.swift in Sources */,
				75B444C425C70CEE00B3C586 /* SceneDelegate.swift in Sources */,
			);
			runOnlyForDeploymentPostprocessing = 0;
		};
/* End PBXSourcesBuildPhase section */

/* Begin PBXVariantGroup section */
		75B4448525C70CED00B3C586 /* LaunchScreen.storyboard */ = {
			isa = PBXVariantGroup;
			children = (
				75B4448625C70CED00B3C586 /* Base */,
			);
			name = LaunchScreen.storyboard;
			sourceTree = "<group>";
		};
/* End PBXVariantGroup section */

/* Begin XCBuildConfiguration section */
		060782C0250CE27A00A87020 /* Debug */ = {
			isa = XCBuildConfiguration;
			buildSettings = {
				ALWAYS_SEARCH_USER_PATHS = NO;
				CLANG_ANALYZER_NONNULL = YES;
				CLANG_ANALYZER_NUMBER_OBJECT_CONVERSION = YES_AGGRESSIVE;
				CLANG_CXX_LANGUAGE_STANDARD = "gnu++14";
				CLANG_CXX_LIBRARY = "libc++";
				CLANG_ENABLE_MODULES = YES;
				CLANG_ENABLE_OBJC_ARC = YES;
				CLANG_ENABLE_OBJC_WEAK = YES;
				CLANG_WARN_BLOCK_CAPTURE_AUTORELEASING = YES;
				CLANG_WARN_BOOL_CONVERSION = YES;
				CLANG_WARN_COMMA = YES;
				CLANG_WARN_CONSTANT_CONVERSION = YES;
				CLANG_WARN_DEPRECATED_OBJC_IMPLEMENTATIONS = YES;
				CLANG_WARN_DIRECT_OBJC_ISA_USAGE = YES_ERROR;
				CLANG_WARN_DOCUMENTATION_COMMENTS = YES;
				CLANG_WARN_EMPTY_BODY = YES;
				CLANG_WARN_ENUM_CONVERSION = YES;
				CLANG_WARN_INFINITE_RECURSION = YES;
				CLANG_WARN_INT_CONVERSION = YES;
				CLANG_WARN_NON_LITERAL_NULL_CONVERSION = YES;
				CLANG_WARN_OBJC_IMPLICIT_RETAIN_SELF = YES;
				CLANG_WARN_OBJC_LITERAL_CONVERSION = YES;
				CLANG_WARN_OBJC_ROOT_CLASS = YES_ERROR;
				CLANG_WARN_QUOTED_INCLUDE_IN_FRAMEWORK_HEADER = YES;
				CLANG_WARN_RANGE_LOOP_ANALYSIS = YES;
				CLANG_WARN_STRICT_PROTOTYPES = YES;
				CLANG_WARN_SUSPICIOUS_MOVE = YES;
				CLANG_WARN_UNGUARDED_AVAILABILITY = YES_AGGRESSIVE;
				CLANG_WARN_UNREACHABLE_CODE = YES;
				CLANG_WARN__DUPLICATE_METHOD_MATCH = YES;
				COPY_PHASE_STRIP = NO;
				DEBUG_INFORMATION_FORMAT = dwarf;
				ENABLE_STRICT_OBJC_MSGSEND = YES;
				ENABLE_TESTABILITY = YES;
				GCC_C_LANGUAGE_STANDARD = gnu11;
				GCC_DYNAMIC_NO_PIC = NO;
				GCC_NO_COMMON_BLOCKS = YES;
				GCC_OPTIMIZATION_LEVEL = 0;
				GCC_PREPROCESSOR_DEFINITIONS = (
					"DEBUG=1",
					"$(inherited)",
				);
				GCC_WARN_64_TO_32_BIT_CONVERSION = YES;
				GCC_WARN_ABOUT_RETURN_TYPE = YES_ERROR;
				GCC_WARN_UNDECLARED_SELECTOR = YES;
				GCC_WARN_UNINITIALIZED_AUTOS = YES_AGGRESSIVE;
				GCC_WARN_UNUSED_FUNCTION = YES;
				GCC_WARN_UNUSED_VARIABLE = YES;
				IPHONEOS_DEPLOYMENT_TARGET = 12.0;
				MTL_ENABLE_DEBUG_INFO = INCLUDE_SOURCE;
				MTL_FAST_MATH = YES;
				ONLY_ACTIVE_ARCH = YES;
				SDKROOT = iphoneos;
				SWIFT_ACTIVE_COMPILATION_CONDITIONS = DEBUG;
				SWIFT_OPTIMIZATION_LEVEL = "-Onone";
			};
			name = Debug;
		};
		060782C1250CE27A00A87020 /* Release */ = {
			isa = XCBuildConfiguration;
			buildSettings = {
				ALWAYS_SEARCH_USER_PATHS = NO;
				CLANG_ANALYZER_NONNULL = YES;
				CLANG_ANALYZER_NUMBER_OBJECT_CONVERSION = YES_AGGRESSIVE;
				CLANG_CXX_LANGUAGE_STANDARD = "gnu++14";
				CLANG_CXX_LIBRARY = "libc++";
				CLANG_ENABLE_MODULES = YES;
				CLANG_ENABLE_OBJC_ARC = YES;
				CLANG_ENABLE_OBJC_WEAK = YES;
				CLANG_WARN_BLOCK_CAPTURE_AUTORELEASING = YES;
				CLANG_WARN_BOOL_CONVERSION = YES;
				CLANG_WARN_COMMA = YES;
				CLANG_WARN_CONSTANT_CONVERSION = YES;
				CLANG_WARN_DEPRECATED_OBJC_IMPLEMENTATIONS = YES;
				CLANG_WARN_DIRECT_OBJC_ISA_USAGE = YES_ERROR;
				CLANG_WARN_DOCUMENTATION_COMMENTS = YES;
				CLANG_WARN_EMPTY_BODY = YES;
				CLANG_WARN_ENUM_CONVERSION = YES;
				CLANG_WARN_INFINITE_RECURSION = YES;
				CLANG_WARN_INT_CONVERSION = YES;
				CLANG_WARN_NON_LITERAL_NULL_CONVERSION = YES;
				CLANG_WARN_OBJC_IMPLICIT_RETAIN_SELF = YES;
				CLANG_WARN_OBJC_LITERAL_CONVERSION = YES;
				CLANG_WARN_OBJC_ROOT_CLASS = YES_ERROR;
				CLANG_WARN_QUOTED_INCLUDE_IN_FRAMEWORK_HEADER = YES;
				CLANG_WARN_RANGE_LOOP_ANALYSIS = YES;
				CLANG_WARN_STRICT_PROTOTYPES = YES;
				CLANG_WARN_SUSPICIOUS_MOVE = YES;
				CLANG_WARN_UNGUARDED_AVAILABILITY = YES_AGGRESSIVE;
				CLANG_WARN_UNREACHABLE_CODE = YES;
				CLANG_WARN__DUPLICATE_METHOD_MATCH = YES;
				COPY_PHASE_STRIP = NO;
				DEBUG_INFORMATION_FORMAT = "dwarf-with-dsym";
				ENABLE_NS_ASSERTIONS = NO;
				ENABLE_STRICT_OBJC_MSGSEND = YES;
				GCC_C_LANGUAGE_STANDARD = gnu11;
				GCC_NO_COMMON_BLOCKS = YES;
				GCC_WARN_64_TO_32_BIT_CONVERSION = YES;
				GCC_WARN_ABOUT_RETURN_TYPE = YES_ERROR;
				GCC_WARN_UNDECLARED_SELECTOR = YES;
				GCC_WARN_UNINITIALIZED_AUTOS = YES_AGGRESSIVE;
				GCC_WARN_UNUSED_FUNCTION = YES;
				GCC_WARN_UNUSED_VARIABLE = YES;
				IPHONEOS_DEPLOYMENT_TARGET = 12.0;
				MTL_ENABLE_DEBUG_INFO = NO;
				MTL_FAST_MATH = YES;
				SDKROOT = iphoneos;
				SWIFT_COMPILATION_MODE = wholemodule;
				SWIFT_OPTIMIZATION_LEVEL = "-O";
				VALIDATE_PRODUCT = YES;
			};
			name = Release;
		};
		060782C3250CE27A00A87020 /* Debug */ = {
			isa = XCBuildConfiguration;
			baseConfigurationReference = EE9C3207536DA8F9A8083AFF /* Pods-Social_Network.debug.xcconfig */;
			buildSettings = {
				CODE_SIGN_STYLE = Manual;
				DEVELOPMENT_TEAM = "";
				INFOPLIST_FILE = "$(SRCROOT)/Social Network/Info.plist";
				IPHONEOS_DEPLOYMENT_TARGET = 12.0;
				LD_RUNPATH_SEARCH_PATHS = (
					"$(inherited)",
					"@executable_path/Frameworks",
				);
				PRODUCT_BUNDLE_IDENTIFIER = "com.netology.Social-Network";
				PRODUCT_NAME = "$(TARGET_NAME)";
				PROVISIONING_PROFILE_SPECIFIER = "";
				SWIFT_VERSION = 5.0;
				TARGETED_DEVICE_FAMILY = "1,2";
			};
			name = Debug;
		};
		060782C4250CE27A00A87020 /* Release */ = {
			isa = XCBuildConfiguration;
			baseConfigurationReference = 0ED7673D80285947C2B45ECA /* Pods-Social_Network.release.xcconfig */;
			buildSettings = {
				CODE_SIGN_STYLE = Manual;
				DEVELOPMENT_TEAM = "";
				INFOPLIST_FILE = "$(SRCROOT)/Social Network/Info.plist";
				IPHONEOS_DEPLOYMENT_TARGET = 12.0;
				LD_RUNPATH_SEARCH_PATHS = (
					"$(inherited)",
					"@executable_path/Frameworks",
				);
				PRODUCT_BUNDLE_IDENTIFIER = "com.netology.Social-Network";
				PRODUCT_NAME = "$(TARGET_NAME)";
				PROVISIONING_PROFILE_SPECIFIER = "";
				SWIFT_VERSION = 5.0;
				TARGETED_DEVICE_FAMILY = "1,2";
			};
			name = Release;
		};
		753AF981258E90A500DAA111 /* Debug */ = {
			isa = XCBuildConfiguration;
			baseConfigurationReference = A4C288C8D377A18E38AAA07C /* Pods-New Social_Network.debug.xcconfig */;
			buildSettings = {
				CODE_SIGN_STYLE = Manual;
				DEVELOPMENT_TEAM = "";
				INFOPLIST_FILE = "$(SRCROOT)/Social Network/Social_Network copy-Info.plist";
				IPHONEOS_DEPLOYMENT_TARGET = 12.0;
				LD_RUNPATH_SEARCH_PATHS = (
					"$(inherited)",
					"@executable_path/Frameworks",
				);
				PRODUCT_BUNDLE_IDENTIFIER = "com.netology.New-Social-Network";
				PRODUCT_NAME = "$(TARGET_NAME)";
				PROVISIONING_PROFILE_SPECIFIER = "";
				SWIFT_VERSION = 5.0;
				TARGETED_DEVICE_FAMILY = "1,2";
			};
			name = Debug;
		};
		753AF982258E90A500DAA111 /* Release */ = {
			isa = XCBuildConfiguration;
			baseConfigurationReference = 7E4FFA143DABAE99DA0BC831 /* Pods-New Social_Network.release.xcconfig */;
			buildSettings = {
				CODE_SIGN_STYLE = Manual;
				DEVELOPMENT_TEAM = "";
				INFOPLIST_FILE = "$(SRCROOT)/Social Network/Social_Network copy-Info.plist";
				IPHONEOS_DEPLOYMENT_TARGET = 12.0;
				LD_RUNPATH_SEARCH_PATHS = (
					"$(inherited)",
					"@executable_path/Frameworks",
				);
				PRODUCT_BUNDLE_IDENTIFIER = "com.netology.New-Social-Network";
				PRODUCT_NAME = "$(TARGET_NAME)";
				PROVISIONING_PROFILE_SPECIFIER = "";
				SWIFT_VERSION = 5.0;
				TARGETED_DEVICE_FAMILY = "1,2";
			};
			name = Release;
		};
/* End XCBuildConfiguration section */

/* Begin XCConfigurationList section */
		060782A9250CE27700A87020 /* Build configuration list for PBXProject "Social_Network" */ = {
			isa = XCConfigurationList;
			buildConfigurations = (
				060782C0250CE27A00A87020 /* Debug */,
				060782C1250CE27A00A87020 /* Release */,
			);
			defaultConfigurationIsVisible = 0;
			defaultConfigurationName = Release;
		};
		060782C2250CE27A00A87020 /* Build configuration list for PBXNativeTarget "Social_Network" */ = {
			isa = XCConfigurationList;
			buildConfigurations = (
				060782C3250CE27A00A87020 /* Debug */,
				060782C4250CE27A00A87020 /* Release */,
			);
			defaultConfigurationIsVisible = 0;
			defaultConfigurationName = Release;
		};
		753AF980258E90A500DAA111 /* Build configuration list for PBXNativeTarget "New Social_Network" */ = {
			isa = XCConfigurationList;
			buildConfigurations = (
				753AF981258E90A500DAA111 /* Debug */,
				753AF982258E90A500DAA111 /* Release */,
			);
			defaultConfigurationIsVisible = 0;
			defaultConfigurationName = Release;
		};
/* End XCConfigurationList section */
	};
	rootObject = 060782A6250CE27700A87020 /* Project object */;
}
